// !$*UTF8*$!
{
	archiveVersion = 1;
	classes = {
	};
	objectVersion = 47;
	objects = {

/* Begin PBXBuildFile section */
		0201CDC421199725006E3608 /* MultithreadingUtilities.swift in Sources */ = {isa = PBXBuildFile; fileRef = 0201CDC321199725006E3608 /* MultithreadingUtilities.swift */; };
		0201CDC521199725006E3608 /* MultithreadingUtilities.swift in Sources */ = {isa = PBXBuildFile; fileRef = 0201CDC321199725006E3608 /* MultithreadingUtilities.swift */; };
		0201CDC621199725006E3608 /* MultithreadingUtilities.swift in Sources */ = {isa = PBXBuildFile; fileRef = 0201CDC321199725006E3608 /* MultithreadingUtilities.swift */; };
		0201CDC821199C8F006E3608 /* FileAppenderPerformanceTests.swift in Sources */ = {isa = PBXBuildFile; fileRef = 0201CDC721199C8F006E3608 /* FileAppenderPerformanceTests.swift */; };
		021136B31B55A85A000954DF /* ValidCompleteConfiguration.plist in Resources */ = {isa = PBXBuildFile; fileRef = 021136B21B55A85A000954DF /* ValidCompleteConfiguration.plist */; };
		021DCE491BE17C4F0026633E /* Logger-AsynchronicityTests.swift in Sources */ = {isa = PBXBuildFile; fileRef = 021DCE481BE17C4F0026633E /* Logger-AsynchronicityTests.swift */; };
		0241A2D81C32ACD400A624CF /* FileObserver.swift in Sources */ = {isa = PBXBuildFile; fileRef = 0241A2D71C32ACD400A624CF /* FileObserver.swift */; };
		0241A2D91C32ACD400A624CF /* FileObserver.swift in Sources */ = {isa = PBXBuildFile; fileRef = 0241A2D71C32ACD400A624CF /* FileObserver.swift */; };
		024E2E051B3F470500457304 /* XCTestCase+noThrow.swift in Sources */ = {isa = PBXBuildFile; fileRef = 024E2E031B3F41D500457304 /* XCTestCase+noThrow.swift */; };
		024FD79C1B2DD3FE00A8609C /* String+utilities.swift in Sources */ = {isa = PBXBuildFile; fileRef = 024FD79B1B2DD3FE00A8609C /* String+utilities.swift */; };
		024FD7A01B2DE47C00A8609C /* MemoryAppender.swift in Sources */ = {isa = PBXBuildFile; fileRef = 024FD79E1B2DE13300A8609C /* MemoryAppender.swift */; };
		02568DAE1B3631FD00EDDFFE /* StdOutAppenderTests.swift in Sources */ = {isa = PBXBuildFile; fileRef = 02568DAD1B3631FD00EDDFFE /* StdOutAppenderTests.swift */; };
		02664C0E1B2CE96500B695DE /* log4swift.h in Headers */ = {isa = PBXBuildFile; fileRef = 02664C0D1B2CE96500B695DE /* log4swift.h */; settings = {ATTRIBUTES = (Public, ); }; };
		02664C151B2CE96500B695DE /* Log4swift.framework in Frameworks */ = {isa = PBXBuildFile; fileRef = 02664C0A1B2CE96500B695DE /* Log4swift.framework */; };
		02664C251B2CEB2900B695DE /* Logger.swift in Sources */ = {isa = PBXBuildFile; fileRef = 02664C241B2CEB2900B695DE /* Logger.swift */; };
		02664C271B2D92CB00B695DE /* LoggerFactory.swift in Sources */ = {isa = PBXBuildFile; fileRef = 02664C261B2D92CB00B695DE /* LoggerFactory.swift */; };
		02664C2B1B2D97DE00B695DE /* LogLevel.swift in Sources */ = {isa = PBXBuildFile; fileRef = 02664C2A1B2D97DE00B695DE /* LogLevel.swift */; };
		02664C311B2DA6A200B695DE /* Appender.swift in Sources */ = {isa = PBXBuildFile; fileRef = 02664C301B2DA6A200B695DE /* Appender.swift */; };
		02664C331B2DA70C00B695DE /* StdOutAppender.swift in Sources */ = {isa = PBXBuildFile; fileRef = 02664C321B2DA70C00B695DE /* StdOutAppender.swift */; };
		02664C351B2DB25C00B695DE /* LoggerTests.swift in Sources */ = {isa = PBXBuildFile; fileRef = 02664C341B2DB25C00B695DE /* LoggerTests.swift */; };
		02664C371B2DBC5C00B695DE /* Logger+convenience.swift in Sources */ = {isa = PBXBuildFile; fileRef = 02664C361B2DBC5C00B695DE /* Logger+convenience.swift */; };
		02664C3B1B2DC99300B695DE /* LoggerFactoryTests.swift in Sources */ = {isa = PBXBuildFile; fileRef = 02664C3A1B2DC99300B695DE /* LoggerFactoryTests.swift */; };
		026A43811B4DCF2700997862 /* LogInformation.swift in Sources */ = {isa = PBXBuildFile; fileRef = 026A43801B4DCF2700997862 /* LogInformation.swift */; };
		0285F3BA1CC01FE200CA850D /* XCTestCase+fileAdditions.swift in Sources */ = {isa = PBXBuildFile; fileRef = 02DE4EE31C370A4600030042 /* XCTestCase+fileAdditions.swift */; };
		0291DB741BC443D2000B90FD /* String+utilitiesTest.swift in Sources */ = {isa = PBXBuildFile; fileRef = 0291DB731BC443D2000B90FD /* String+utilitiesTest.swift */; };
		02A39163212B0F67007816A8 /* FileAppenderRotationPolicy.swift in Sources */ = {isa = PBXBuildFile; fileRef = 02A39162212B0F67007816A8 /* FileAppenderRotationPolicy.swift */; };
		02A39164212B0F67007816A8 /* FileAppenderRotationPolicy.swift in Sources */ = {isa = PBXBuildFile; fileRef = 02A39162212B0F67007816A8 /* FileAppenderRotationPolicy.swift */; };
		02A39165212B0F67007816A8 /* FileAppenderRotationPolicy.swift in Sources */ = {isa = PBXBuildFile; fileRef = 02A39162212B0F67007816A8 /* FileAppenderRotationPolicy.swift */; };
		02A39167212B1141007816A8 /* DateRotationPolicy.swift in Sources */ = {isa = PBXBuildFile; fileRef = 02A39166212B1140007816A8 /* DateRotationPolicy.swift */; };
		02A39168212B1141007816A8 /* DateRotationPolicy.swift in Sources */ = {isa = PBXBuildFile; fileRef = 02A39166212B1140007816A8 /* DateRotationPolicy.swift */; };
		02A39169212B1141007816A8 /* DateRotationPolicy.swift in Sources */ = {isa = PBXBuildFile; fileRef = 02A39166212B1140007816A8 /* DateRotationPolicy.swift */; };
		02A3916B212B1A97007816A8 /* SizeRotationPolicy.swift in Sources */ = {isa = PBXBuildFile; fileRef = 02A3916A212B1A97007816A8 /* SizeRotationPolicy.swift */; };
		02A3916C212B1A97007816A8 /* SizeRotationPolicy.swift in Sources */ = {isa = PBXBuildFile; fileRef = 02A3916A212B1A97007816A8 /* SizeRotationPolicy.swift */; };
		02A3916D212B1A97007816A8 /* SizeRotationPolicy.swift in Sources */ = {isa = PBXBuildFile; fileRef = 02A3916A212B1A97007816A8 /* SizeRotationPolicy.swift */; };
		02A39172212B365D007816A8 /* TestRotationPolicy.swift in Sources */ = {isa = PBXBuildFile; fileRef = 02A3916E212B361D007816A8 /* TestRotationPolicy.swift */; };
		02A3917821302B86007816A8 /* SizeRotationPolicyTests.swift in Sources */ = {isa = PBXBuildFile; fileRef = 02A39174212B48E6007816A8 /* SizeRotationPolicyTests.swift */; };
		02A3917A21302E94007816A8 /* DateRotationPolicyTest.swift in Sources */ = {isa = PBXBuildFile; fileRef = 02A3917921302E94007816A8 /* DateRotationPolicyTest.swift */; };
		02B61A5D1B56D1F100C683D8 /* Log4swift.framework in Frameworks */ = {isa = PBXBuildFile; fileRef = 02664C0A1B2CE96500B695DE /* Log4swift.framework */; };
		02B61A5F1B56D1F100C683D8 /* ValidCompleteConfiguration.plist in Resources */ = {isa = PBXBuildFile; fileRef = 021136B21B55A85A000954DF /* ValidCompleteConfiguration.plist */; };
		02B8F6201B30A1DD0077A8A6 /* FileAppender.swift in Sources */ = {isa = PBXBuildFile; fileRef = 02B8F61F1B30A1DD0077A8A6 /* FileAppender.swift */; };
		02B8F6231B30B26A0077A8A6 /* FileAppenderTests.swift in Sources */ = {isa = PBXBuildFile; fileRef = 02B8F6221B30B26A0077A8A6 /* FileAppenderTests.swift */; };
		02C9E1581B56D40F0038AB0E /* PerformanceTests.swift in Sources */ = {isa = PBXBuildFile; fileRef = 02B61A4A1B56D16900C683D8 /* PerformanceTests.swift */; };
		02D9A0CA1F9F2EF80086C5A5 /* AppleUnifiedLoggerAppender.swift in Sources */ = {isa = PBXBuildFile; fileRef = 02D9A0C91F9F2EF80086C5A5 /* AppleUnifiedLoggerAppender.swift */; };
		02D9A0CB1F9F2EF80086C5A5 /* AppleUnifiedLoggerAppender.swift in Sources */ = {isa = PBXBuildFile; fileRef = 02D9A0C91F9F2EF80086C5A5 /* AppleUnifiedLoggerAppender.swift */; };
		02D9A0CD1F9F3A110086C5A5 /* AppleUnifiedLoggerAppenderTests.swift in Sources */ = {isa = PBXBuildFile; fileRef = 02D9A0CC1F9F3A110086C5A5 /* AppleUnifiedLoggerAppenderTests.swift */; };
		02D9A0CE1F9F3C3B0086C5A5 /* AppleUnifiedLoggerAppender.swift in Sources */ = {isa = PBXBuildFile; fileRef = 02D9A0C91F9F2EF80086C5A5 /* AppleUnifiedLoggerAppender.swift */; };
		02D9A0D01F9FADD90086C5A5 /* SystemAppender.swift in Sources */ = {isa = PBXBuildFile; fileRef = 02D9A0CF1F9FADD90086C5A5 /* SystemAppender.swift */; };
		02D9A0D11F9FADD90086C5A5 /* SystemAppender.swift in Sources */ = {isa = PBXBuildFile; fileRef = 02D9A0CF1F9FADD90086C5A5 /* SystemAppender.swift */; };
		02D9A0D21F9FADD90086C5A5 /* SystemAppender.swift in Sources */ = {isa = PBXBuildFile; fileRef = 02D9A0CF1F9FADD90086C5A5 /* SystemAppender.swift */; };
		02D9A0D41F9FD30B0086C5A5 /* SystemAppenderTests.swift in Sources */ = {isa = PBXBuildFile; fileRef = 02D9A0D31F9FD30B0086C5A5 /* SystemAppenderTests.swift */; };
		02DE4EE21C3708F100030042 /* FileObserverTests.swift in Sources */ = {isa = PBXBuildFile; fileRef = 02DE4EE11C3708F100030042 /* FileObserverTests.swift */; };
		02DE4EE41C370A4600030042 /* XCTestCase+fileAdditions.swift in Sources */ = {isa = PBXBuildFile; fileRef = 02DE4EE31C370A4600030042 /* XCTestCase+fileAdditions.swift */; };
		02F4E8691B3A0354004AB9EA /* NSLoggerAppender.swift in Sources */ = {isa = PBXBuildFile; fileRef = 02F4E8681B3A0354004AB9EA /* NSLoggerAppender.swift */; };
		02F4E86E1B3A0454004AB9EA /* LoggerClient.h in Headers */ = {isa = PBXBuildFile; fileRef = 02F4E86A1B3A0454004AB9EA /* LoggerClient.h */; settings = {ATTRIBUTES = (Public, ); }; };
		02F4E86F1B3A0454004AB9EA /* LoggerClient.m in Sources */ = {isa = PBXBuildFile; fileRef = 02F4E86B1B3A0454004AB9EA /* LoggerClient.m */; };
		02F4E8701B3A0454004AB9EA /* LoggerCommon.h in Headers */ = {isa = PBXBuildFile; fileRef = 02F4E86C1B3A0454004AB9EA /* LoggerCommon.h */; settings = {ATTRIBUTES = (Public, ); }; };
		02F4E8711B3A0454004AB9EA /* NSLogger.h in Headers */ = {isa = PBXBuildFile; fileRef = 02F4E86D1B3A0454004AB9EA /* NSLogger.h */; settings = {ATTRIBUTES = (Public, ); }; };
		02F4E8781B3B3C7F004AB9EA /* NSLoggerAppenderTests.swift in Sources */ = {isa = PBXBuildFile; fileRef = 02F4E8771B3B3C7F004AB9EA /* NSLoggerAppenderTests.swift */; };
		5E06D56C1B987F5700273AC7 /* log4swift.h in Headers */ = {isa = PBXBuildFile; fileRef = 02664C0D1B2CE96500B695DE /* log4swift.h */; settings = {ATTRIBUTES = (Public, ); }; };
		5E06D56E1B98810E00273AC7 /* PatternFormatterPerformanceTests.swift in Sources */ = {isa = PBXBuildFile; fileRef = 5E06D56D1B98810E00273AC7 /* PatternFormatterPerformanceTests.swift */; };
		5E16DDBC1B3441A50035D8D8 /* PatternFormatter.swift in Sources */ = {isa = PBXBuildFile; fileRef = 5E16DDBB1B3441A50035D8D8 /* PatternFormatter.swift */; };
		5E17F3271B341B1D00E262F5 /* PatternFormatterTests.swift in Sources */ = {isa = PBXBuildFile; fileRef = 5E17F3261B341B1D00E262F5 /* PatternFormatterTests.swift */; };
		5E3E71FC1B7A185400EEE46B /* LogLevel.swift in Sources */ = {isa = PBXBuildFile; fileRef = 02664C2A1B2D97DE00B695DE /* LogLevel.swift */; };
		5E3E71FD1B7A185400EEE46B /* Logger.swift in Sources */ = {isa = PBXBuildFile; fileRef = 02664C241B2CEB2900B695DE /* Logger.swift */; };
		5E3E71FE1B7A185400EEE46B /* Logger+convenience.swift in Sources */ = {isa = PBXBuildFile; fileRef = 02664C361B2DBC5C00B695DE /* Logger+convenience.swift */; };
		5E3E71FF1B7A185400EEE46B /* Logger+objectiveC.swift in Sources */ = {isa = PBXBuildFile; fileRef = 5EA3F1561B5D2DEA00B7C420 /* Logger+objectiveC.swift */; };
		5E3E72001B7A185400EEE46B /* LoggerFactory.swift in Sources */ = {isa = PBXBuildFile; fileRef = 02664C261B2D92CB00B695DE /* LoggerFactory.swift */; };
		5E3E72011B7A185400EEE46B /* LoggerFactory+loadFromFile.swift in Sources */ = {isa = PBXBuildFile; fileRef = 5E484E4E1B467C2500CA5C01 /* LoggerFactory+loadFromFile.swift */; };
		5E3E72021B7A185400EEE46B /* Errors.swift in Sources */ = {isa = PBXBuildFile; fileRef = 5E484E501B46843D00CA5C01 /* Errors.swift */; };
		5E3E72031B7A185400EEE46B /* LogInformation.swift in Sources */ = {isa = PBXBuildFile; fileRef = 026A43801B4DCF2700997862 /* LogInformation.swift */; };
		5E3E72041B7A186700EEE46B /* Appender.swift in Sources */ = {isa = PBXBuildFile; fileRef = 02664C301B2DA6A200B695DE /* Appender.swift */; };
		5E3E72051B7A186700EEE46B /* StdOutAppender.swift in Sources */ = {isa = PBXBuildFile; fileRef = 02664C321B2DA70C00B695DE /* StdOutAppender.swift */; };
		5E3E72061B7A186700EEE46B /* FileAppender.swift in Sources */ = {isa = PBXBuildFile; fileRef = 02B8F61F1B30A1DD0077A8A6 /* FileAppender.swift */; };
		5E3E72071B7A186700EEE46B /* NSLoggerAppender.swift in Sources */ = {isa = PBXBuildFile; fileRef = 02F4E8681B3A0354004AB9EA /* NSLoggerAppender.swift */; };
		5E3E72081B7A186700EEE46B /* NSLogAppender.swift in Sources */ = {isa = PBXBuildFile; fileRef = 5E4D39111B690DC40006961C /* NSLogAppender.swift */; };
		5E3E72091B7A186700EEE46B /* ASLAppender.swift in Sources */ = {isa = PBXBuildFile; fileRef = 5EFEFA921B69383A00A28A53 /* ASLAppender.swift */; };
		5E3E720A1B7A186700EEE46B /* Formatter.swift in Sources */ = {isa = PBXBuildFile; fileRef = 5ED244E41B34408600453B31 /* Formatter.swift */; };
		5E3E720B1B7A186700EEE46B /* PatternFormatter.swift in Sources */ = {isa = PBXBuildFile; fileRef = 5E16DDBB1B3441A50035D8D8 /* PatternFormatter.swift */; };
		5E3E720C1B7A186700EEE46B /* String+utilities.swift in Sources */ = {isa = PBXBuildFile; fileRef = 024FD79B1B2DD3FE00A8609C /* String+utilities.swift */; };
		5E3E720D1B7A186700EEE46B /* Bool+utilities.swift in Sources */ = {isa = PBXBuildFile; fileRef = 5E66F7691B42C959009395CE /* Bool+utilities.swift */; };
		5E3E720E1B7A186700EEE46B /* Array+utilities.swift in Sources */ = {isa = PBXBuildFile; fileRef = D9322BF81B440E7D00C9F6D9 /* Array+utilities.swift */; };
		5E3E720F1B7A186700EEE46B /* ASLWrapper.m in Sources */ = {isa = PBXBuildFile; fileRef = 5EFEFA961B69388800A28A53 /* ASLWrapper.m */; };
		5E3E72101B7A25BA00EEE46B /* LoggerClient.h in Headers */ = {isa = PBXBuildFile; fileRef = 02F4E86A1B3A0454004AB9EA /* LoggerClient.h */; settings = {ATTRIBUTES = (Public, ); }; };
		5E3E72111B7A25BA00EEE46B /* LoggerCommon.h in Headers */ = {isa = PBXBuildFile; fileRef = 02F4E86C1B3A0454004AB9EA /* LoggerCommon.h */; settings = {ATTRIBUTES = (Public, ); }; };
		5E3E72121B7A25BA00EEE46B /* NSLogger.h in Headers */ = {isa = PBXBuildFile; fileRef = 02F4E86D1B3A0454004AB9EA /* NSLogger.h */; settings = {ATTRIBUTES = (Public, ); }; };
		5E3E72131B7A25DC00EEE46B /* ASLWrapper.h in Headers */ = {isa = PBXBuildFile; fileRef = 5EFEFA951B69388800A28A53 /* ASLWrapper.h */; settings = {ATTRIBUTES = (Public, ); }; };
		5E3E72141B7A263100EEE46B /* LoggerClient.m in Sources */ = {isa = PBXBuildFile; fileRef = 02F4E86B1B3A0454004AB9EA /* LoggerClient.m */; };
		5E3F86E01DC25ED7008F296C /* log4swift.h in Headers */ = {isa = PBXBuildFile; fileRef = 02664C0D1B2CE96500B695DE /* log4swift.h */; settings = {ATTRIBUTES = (Public, ); }; };
		5E3F86E11DC25EDF008F296C /* LogInformation.swift in Sources */ = {isa = PBXBuildFile; fileRef = 026A43801B4DCF2700997862 /* LogInformation.swift */; };
		5E3F86E21DC25EDF008F296C /* LoggerFactory.swift in Sources */ = {isa = PBXBuildFile; fileRef = 02664C261B2D92CB00B695DE /* LoggerFactory.swift */; };
		5E3F86E31DC25EDF008F296C /* LoggerFactory+loadFromFile.swift in Sources */ = {isa = PBXBuildFile; fileRef = 5E484E4E1B467C2500CA5C01 /* LoggerFactory+loadFromFile.swift */; };
		5E3F86E41DC25EDF008F296C /* LogLevel.swift in Sources */ = {isa = PBXBuildFile; fileRef = 02664C2A1B2D97DE00B695DE /* LogLevel.swift */; };
		5E3F86E51DC25EDF008F296C /* Logger.swift in Sources */ = {isa = PBXBuildFile; fileRef = 02664C241B2CEB2900B695DE /* Logger.swift */; };
		5E3F86E61DC25EDF008F296C /* Logger+convenience.swift in Sources */ = {isa = PBXBuildFile; fileRef = 02664C361B2DBC5C00B695DE /* Logger+convenience.swift */; };
		5E3F86E71DC25EDF008F296C /* Logger+objectiveC.swift in Sources */ = {isa = PBXBuildFile; fileRef = 5EA3F1561B5D2DEA00B7C420 /* Logger+objectiveC.swift */; };
		5E3F86E81DC25EDF008F296C /* Errors.swift in Sources */ = {isa = PBXBuildFile; fileRef = 5E484E501B46843D00CA5C01 /* Errors.swift */; };
		5E3F86E91DC25EE3008F296C /* Appender.swift in Sources */ = {isa = PBXBuildFile; fileRef = 02664C301B2DA6A200B695DE /* Appender.swift */; };
		5E3F86EA1DC25EE3008F296C /* StdOutAppender.swift in Sources */ = {isa = PBXBuildFile; fileRef = 02664C321B2DA70C00B695DE /* StdOutAppender.swift */; };
		5E3F86EB1DC25EE3008F296C /* FileAppender.swift in Sources */ = {isa = PBXBuildFile; fileRef = 02B8F61F1B30A1DD0077A8A6 /* FileAppender.swift */; };
		5E3F86EC1DC25EE3008F296C /* NSLoggerAppender.swift in Sources */ = {isa = PBXBuildFile; fileRef = 02F4E8681B3A0354004AB9EA /* NSLoggerAppender.swift */; };
		5E3F86ED1DC25EE3008F296C /* NSLogAppender.swift in Sources */ = {isa = PBXBuildFile; fileRef = 5E4D39111B690DC40006961C /* NSLogAppender.swift */; };
		5E3F86EE1DC25EE3008F296C /* ASLAppender.swift in Sources */ = {isa = PBXBuildFile; fileRef = 5EFEFA921B69383A00A28A53 /* ASLAppender.swift */; };
		5E3F86EF1DC25EE8008F296C /* Formatter.swift in Sources */ = {isa = PBXBuildFile; fileRef = 5ED244E41B34408600453B31 /* Formatter.swift */; };
		5E3F86F01DC25EE8008F296C /* PatternFormatter.swift in Sources */ = {isa = PBXBuildFile; fileRef = 5E16DDBB1B3441A50035D8D8 /* PatternFormatter.swift */; };
		5E3F86F11DC25EED008F296C /* String+utilities.swift in Sources */ = {isa = PBXBuildFile; fileRef = 024FD79B1B2DD3FE00A8609C /* String+utilities.swift */; };
		5E3F86F21DC25EED008F296C /* Bool+utilities.swift in Sources */ = {isa = PBXBuildFile; fileRef = 5E66F7691B42C959009395CE /* Bool+utilities.swift */; };
		5E3F86F31DC25EED008F296C /* Array+utilities.swift in Sources */ = {isa = PBXBuildFile; fileRef = D9322BF81B440E7D00C9F6D9 /* Array+utilities.swift */; };
		5E3F86F41DC25EED008F296C /* FileObserver.swift in Sources */ = {isa = PBXBuildFile; fileRef = 0241A2D71C32ACD400A624CF /* FileObserver.swift */; };
		5E3F86F51DC25EED008F296C /* ASLWrapper.h in Headers */ = {isa = PBXBuildFile; fileRef = 5EFEFA951B69388800A28A53 /* ASLWrapper.h */; settings = {ATTRIBUTES = (Public, ); }; };
		5E3F86F61DC25EED008F296C /* ASLWrapper.m in Sources */ = {isa = PBXBuildFile; fileRef = 5EFEFA961B69388800A28A53 /* ASLWrapper.m */; };
		5E3F86F71DC25F09008F296C /* LoggerClient.h in Headers */ = {isa = PBXBuildFile; fileRef = 02F4E86A1B3A0454004AB9EA /* LoggerClient.h */; settings = {ATTRIBUTES = (Public, ); }; };
		5E3F86F81DC25F0F008F296C /* LoggerClient.m in Sources */ = {isa = PBXBuildFile; fileRef = 02F4E86B1B3A0454004AB9EA /* LoggerClient.m */; };
		5E3F86F91DC25F13008F296C /* LoggerCommon.h in Headers */ = {isa = PBXBuildFile; fileRef = 02F4E86C1B3A0454004AB9EA /* LoggerCommon.h */; settings = {ATTRIBUTES = (Public, ); }; };
		5E3F86FA1DC25F13008F296C /* NSLogger.h in Headers */ = {isa = PBXBuildFile; fileRef = 02F4E86D1B3A0454004AB9EA /* NSLogger.h */; settings = {ATTRIBUTES = (Public, ); }; };
		5E484E4F1B467C2500CA5C01 /* LoggerFactory+loadFromFile.swift in Sources */ = {isa = PBXBuildFile; fileRef = 5E484E4E1B467C2500CA5C01 /* LoggerFactory+loadFromFile.swift */; };
		5E484E511B46843D00CA5C01 /* Errors.swift in Sources */ = {isa = PBXBuildFile; fileRef = 5E484E501B46843D00CA5C01 /* Errors.swift */; };
		5E484E541B468E6600CA5C01 /* LoggerFactory+loadFromFileTests.swift in Sources */ = {isa = PBXBuildFile; fileRef = 5E484E521B468E5900CA5C01 /* LoggerFactory+loadFromFileTests.swift */; };
		5E4D39121B690DC40006961C /* NSLogAppender.swift in Sources */ = {isa = PBXBuildFile; fileRef = 5E4D39111B690DC40006961C /* NSLogAppender.swift */; };
		5E4D39511B6915FE0006961C /* Logger+objectiveCTests.swift in Sources */ = {isa = PBXBuildFile; fileRef = 5E4D39501B6915FE0006961C /* Logger+objectiveCTests.swift */; };
		5E66F76A1B42C959009395CE /* Bool+utilities.swift in Sources */ = {isa = PBXBuildFile; fileRef = 5E66F7691B42C959009395CE /* Bool+utilities.swift */; };
		5E66F76C1B42CA21009395CE /* Bool+utilitiesTests.swift in Sources */ = {isa = PBXBuildFile; fileRef = 5E66F76B1B42CA21009395CE /* Bool+utilitiesTests.swift */; };
		5EA3F1571B5D2DEA00B7C420 /* Logger+objectiveC.swift in Sources */ = {isa = PBXBuildFile; fileRef = 5EA3F1561B5D2DEA00B7C420 /* Logger+objectiveC.swift */; };
		5ED244E11B343A0400453B31 /* FunctionalTests.swift in Sources */ = {isa = PBXBuildFile; fileRef = 5ED244E01B343A0400453B31 /* FunctionalTests.swift */; };
		5ED244E51B34408600453B31 /* Formatter.swift in Sources */ = {isa = PBXBuildFile; fileRef = 5ED244E41B34408600453B31 /* Formatter.swift */; };
		5ED41A671B3D949900C39F6E /* LogLevelTests.swift in Sources */ = {isa = PBXBuildFile; fileRef = 5ED41A661B3D949900C39F6E /* LogLevelTests.swift */; };
		5EFEFA931B69383A00A28A53 /* ASLAppender.swift in Sources */ = {isa = PBXBuildFile; fileRef = 5EFEFA921B69383A00A28A53 /* ASLAppender.swift */; };
		5EFEFA971B69388800A28A53 /* ASLWrapper.h in Headers */ = {isa = PBXBuildFile; fileRef = 5EFEFA951B69388800A28A53 /* ASLWrapper.h */; settings = {ATTRIBUTES = (Public, ); }; };
		5EFEFA981B69388800A28A53 /* ASLWrapper.m in Sources */ = {isa = PBXBuildFile; fileRef = 5EFEFA961B69388800A28A53 /* ASLWrapper.m */; };
		780744AF1E1BA14C003FA519 /* SubclassingTests.swift in Sources */ = {isa = PBXBuildFile; fileRef = 780744AE1E1BA14C003FA519 /* SubclassingTests.swift */; };
		78389E471ECC26B0008898E7 /* Class+utilities.swift in Sources */ = {isa = PBXBuildFile; fileRef = 78389E461ECC26B0008898E7 /* Class+utilities.swift */; };
		78389E481ECC26B0008898E7 /* Class+utilities.swift in Sources */ = {isa = PBXBuildFile; fileRef = 78389E461ECC26B0008898E7 /* Class+utilities.swift */; };
		78389E491ECC26B0008898E7 /* Class+utilities.swift in Sources */ = {isa = PBXBuildFile; fileRef = 78389E461ECC26B0008898E7 /* Class+utilities.swift */; };
		D9322BF91B440E7D00C9F6D9 /* Array+utilities.swift in Sources */ = {isa = PBXBuildFile; fileRef = D9322BF81B440E7D00C9F6D9 /* Array+utilities.swift */; };
		D9B229E41B443B670001EE9A /* Array+utilitiesTests.swift in Sources */ = {isa = PBXBuildFile; fileRef = D9B229E31B443B670001EE9A /* Array+utilitiesTests.swift */; };
/* End PBXBuildFile section */

/* Begin PBXContainerItemProxy section */
		02664C161B2CE96500B695DE /* PBXContainerItemProxy */ = {
			isa = PBXContainerItemProxy;
			containerPortal = 02664C011B2CE96500B695DE /* Project object */;
			proxyType = 1;
			remoteGlobalIDString = 02664C091B2CE96500B695DE;
			remoteInfo = log4swift;
		};
		02B61A4D1B56D1F100C683D8 /* PBXContainerItemProxy */ = {
			isa = PBXContainerItemProxy;
			containerPortal = 02664C011B2CE96500B695DE /* Project object */;
			proxyType = 1;
			remoteGlobalIDString = 02664C091B2CE96500B695DE;
			remoteInfo = log4swift;
		};
/* End PBXContainerItemProxy section */

/* Begin PBXFileReference section */
		0201CDC321199725006E3608 /* MultithreadingUtilities.swift */ = {isa = PBXFileReference; lastKnownFileType = sourcecode.swift; path = MultithreadingUtilities.swift; sourceTree = "<group>"; };
		0201CDC721199C8F006E3608 /* FileAppenderPerformanceTests.swift */ = {isa = PBXFileReference; lastKnownFileType = sourcecode.swift; path = FileAppenderPerformanceTests.swift; sourceTree = "<group>"; };
		021136B21B55A85A000954DF /* ValidCompleteConfiguration.plist */ = {isa = PBXFileReference; fileEncoding = 4; lastKnownFileType = text.plist.xml; path = ValidCompleteConfiguration.plist; sourceTree = "<group>"; };
		021DCE481BE17C4F0026633E /* Logger-AsynchronicityTests.swift */ = {isa = PBXFileReference; fileEncoding = 4; lastKnownFileType = sourcecode.swift; lineEnding = 0; path = "Logger-AsynchronicityTests.swift"; sourceTree = "<group>"; xcLanguageSpecificationIdentifier = xcode.lang.swift; };
		0237CF351B2E220F004D5B9F /* SimpleUsage-OSX.playground */ = {isa = PBXFileReference; lastKnownFileType = file.playground; path = "SimpleUsage-OSX.playground"; sourceTree = "<group>"; xcLanguageSpecificationIdentifier = xcode.lang.swift; };
		0241A2D71C32ACD400A624CF /* FileObserver.swift */ = {isa = PBXFileReference; fileEncoding = 4; lastKnownFileType = sourcecode.swift; path = FileObserver.swift; sourceTree = "<group>"; };
		024E2E031B3F41D500457304 /* XCTestCase+noThrow.swift */ = {isa = PBXFileReference; fileEncoding = 4; lastKnownFileType = sourcecode.swift; path = "XCTestCase+noThrow.swift"; sourceTree = "<group>"; };
		024FD79B1B2DD3FE00A8609C /* String+utilities.swift */ = {isa = PBXFileReference; fileEncoding = 4; indentWidth = 2; lastKnownFileType = sourcecode.swift; path = "String+utilities.swift"; sourceTree = "<group>"; };
		024FD79E1B2DE13300A8609C /* MemoryAppender.swift */ = {isa = PBXFileReference; fileEncoding = 4; lastKnownFileType = sourcecode.swift; path = MemoryAppender.swift; sourceTree = "<group>"; };
		02568DAD1B3631FD00EDDFFE /* StdOutAppenderTests.swift */ = {isa = PBXFileReference; fileEncoding = 4; lastKnownFileType = sourcecode.swift; path = StdOutAppenderTests.swift; sourceTree = "<group>"; };
		02664C0A1B2CE96500B695DE /* Log4swift.framework */ = {isa = PBXFileReference; explicitFileType = wrapper.framework; includeInIndex = 0; path = Log4swift.framework; sourceTree = BUILT_PRODUCTS_DIR; };
		02664C0D1B2CE96500B695DE /* log4swift.h */ = {isa = PBXFileReference; lastKnownFileType = sourcecode.c.h; path = log4swift.h; sourceTree = "<group>"; };
		02664C141B2CE96500B695DE /* Log4swiftTests.xctest */ = {isa = PBXFileReference; explicitFileType = wrapper.cfbundle; includeInIndex = 0; path = Log4swiftTests.xctest; sourceTree = BUILT_PRODUCTS_DIR; };
		02664C241B2CEB2900B695DE /* Logger.swift */ = {isa = PBXFileReference; fileEncoding = 4; lastKnownFileType = sourcecode.swift; lineEnding = 0; path = Logger.swift; sourceTree = "<group>"; xcLanguageSpecificationIdentifier = xcode.lang.swift; };
		02664C261B2D92CB00B695DE /* LoggerFactory.swift */ = {isa = PBXFileReference; fileEncoding = 4; lastKnownFileType = sourcecode.swift; path = LoggerFactory.swift; sourceTree = "<group>"; };
		02664C2A1B2D97DE00B695DE /* LogLevel.swift */ = {isa = PBXFileReference; fileEncoding = 4; lastKnownFileType = sourcecode.swift; path = LogLevel.swift; sourceTree = "<group>"; };
		02664C301B2DA6A200B695DE /* Appender.swift */ = {isa = PBXFileReference; fileEncoding = 4; lastKnownFileType = sourcecode.swift; path = Appender.swift; sourceTree = "<group>"; };
		02664C321B2DA70C00B695DE /* StdOutAppender.swift */ = {isa = PBXFileReference; fileEncoding = 4; lastKnownFileType = sourcecode.swift; path = StdOutAppender.swift; sourceTree = "<group>"; };
		02664C341B2DB25C00B695DE /* LoggerTests.swift */ = {isa = PBXFileReference; fileEncoding = 4; lastKnownFileType = sourcecode.swift; lineEnding = 0; path = LoggerTests.swift; sourceTree = "<group>"; xcLanguageSpecificationIdentifier = xcode.lang.swift; };
		02664C361B2DBC5C00B695DE /* Logger+convenience.swift */ = {isa = PBXFileReference; fileEncoding = 4; lastKnownFileType = sourcecode.swift; path = "Logger+convenience.swift"; sourceTree = "<group>"; };
		02664C3A1B2DC99300B695DE /* LoggerFactoryTests.swift */ = {isa = PBXFileReference; fileEncoding = 4; lastKnownFileType = sourcecode.swift; path = LoggerFactoryTests.swift; sourceTree = "<group>"; };
		026A43801B4DCF2700997862 /* LogInformation.swift */ = {isa = PBXFileReference; fileEncoding = 4; lastKnownFileType = sourcecode.swift; path = LogInformation.swift; sourceTree = "<group>"; };
		0291DB731BC443D2000B90FD /* String+utilitiesTest.swift */ = {isa = PBXFileReference; fileEncoding = 4; lastKnownFileType = sourcecode.swift; path = "String+utilitiesTest.swift"; sourceTree = "<group>"; };
		02A39162212B0F67007816A8 /* FileAppenderRotationPolicy.swift */ = {isa = PBXFileReference; lastKnownFileType = sourcecode.swift; path = FileAppenderRotationPolicy.swift; sourceTree = "<group>"; };
		02A39166212B1140007816A8 /* DateRotationPolicy.swift */ = {isa = PBXFileReference; lastKnownFileType = sourcecode.swift; path = DateRotationPolicy.swift; sourceTree = "<group>"; };
		02A3916A212B1A97007816A8 /* SizeRotationPolicy.swift */ = {isa = PBXFileReference; lastKnownFileType = sourcecode.swift; path = SizeRotationPolicy.swift; sourceTree = "<group>"; };
		02A3916E212B361D007816A8 /* TestRotationPolicy.swift */ = {isa = PBXFileReference; lastKnownFileType = sourcecode.swift; path = TestRotationPolicy.swift; sourceTree = "<group>"; };
		02A39174212B48E6007816A8 /* SizeRotationPolicyTests.swift */ = {isa = PBXFileReference; lastKnownFileType = sourcecode.swift; path = SizeRotationPolicyTests.swift; sourceTree = "<group>"; };
		02A3917921302E94007816A8 /* DateRotationPolicyTest.swift */ = {isa = PBXFileReference; lastKnownFileType = sourcecode.swift; path = DateRotationPolicyTest.swift; sourceTree = "<group>"; };
		02B61A4A1B56D16900C683D8 /* PerformanceTests.swift */ = {isa = PBXFileReference; lastKnownFileType = sourcecode.swift; lineEnding = 0; path = PerformanceTests.swift; sourceTree = "<group>"; xcLanguageSpecificationIdentifier = xcode.lang.swift; };
		02B61A631B56D1F100C683D8 /* log4swiftPerformanceTests.xctest */ = {isa = PBXFileReference; explicitFileType = wrapper.cfbundle; includeInIndex = 0; path = log4swiftPerformanceTests.xctest; sourceTree = BUILT_PRODUCTS_DIR; };
		02B61A641B56D1F200C683D8 /* log4swiftPerformanceTests-Info.plist */ = {isa = PBXFileReference; lastKnownFileType = text.plist.xml; path = "log4swiftPerformanceTests-Info.plist"; sourceTree = "<group>"; };
		02B8F61F1B30A1DD0077A8A6 /* FileAppender.swift */ = {isa = PBXFileReference; fileEncoding = 4; lastKnownFileType = sourcecode.swift; path = FileAppender.swift; sourceTree = "<group>"; };
		02B8F6221B30B26A0077A8A6 /* FileAppenderTests.swift */ = {isa = PBXFileReference; fileEncoding = 4; lastKnownFileType = sourcecode.swift; path = FileAppenderTests.swift; sourceTree = "<group>"; };
		02D87E431B34BBCC0089A222 /* SoftwareConfiguration-OSX.playground */ = {isa = PBXFileReference; lastKnownFileType = file.playground; path = "SoftwareConfiguration-OSX.playground"; sourceTree = "<group>"; xcLanguageSpecificationIdentifier = xcode.lang.swift; };
		02D9A0C91F9F2EF80086C5A5 /* AppleUnifiedLoggerAppender.swift */ = {isa = PBXFileReference; lastKnownFileType = sourcecode.swift; path = AppleUnifiedLoggerAppender.swift; sourceTree = "<group>"; };
		02D9A0CC1F9F3A110086C5A5 /* AppleUnifiedLoggerAppenderTests.swift */ = {isa = PBXFileReference; lastKnownFileType = sourcecode.swift; path = AppleUnifiedLoggerAppenderTests.swift; sourceTree = "<group>"; };
		02D9A0CF1F9FADD90086C5A5 /* SystemAppender.swift */ = {isa = PBXFileReference; lastKnownFileType = sourcecode.swift; path = SystemAppender.swift; sourceTree = "<group>"; };
		02D9A0D31F9FD30B0086C5A5 /* SystemAppenderTests.swift */ = {isa = PBXFileReference; lastKnownFileType = sourcecode.swift; path = SystemAppenderTests.swift; sourceTree = "<group>"; };
		02DE4EE11C3708F100030042 /* FileObserverTests.swift */ = {isa = PBXFileReference; fileEncoding = 4; lastKnownFileType = sourcecode.swift; path = FileObserverTests.swift; sourceTree = "<group>"; };
		02DE4EE31C370A4600030042 /* XCTestCase+fileAdditions.swift */ = {isa = PBXFileReference; fileEncoding = 4; lastKnownFileType = sourcecode.swift; path = "XCTestCase+fileAdditions.swift"; sourceTree = "<group>"; };
		02F4E8681B3A0354004AB9EA /* NSLoggerAppender.swift */ = {isa = PBXFileReference; fileEncoding = 4; lastKnownFileType = sourcecode.swift; path = NSLoggerAppender.swift; sourceTree = "<group>"; };
		02F4E86A1B3A0454004AB9EA /* LoggerClient.h */ = {isa = PBXFileReference; fileEncoding = 4; lastKnownFileType = sourcecode.c.h; path = LoggerClient.h; sourceTree = "<group>"; };
		02F4E86B1B3A0454004AB9EA /* LoggerClient.m */ = {isa = PBXFileReference; fileEncoding = 4; lastKnownFileType = sourcecode.c.objc; path = LoggerClient.m; sourceTree = "<group>"; };
		02F4E86C1B3A0454004AB9EA /* LoggerCommon.h */ = {isa = PBXFileReference; fileEncoding = 4; lastKnownFileType = sourcecode.c.h; path = LoggerCommon.h; sourceTree = "<group>"; };
		02F4E86D1B3A0454004AB9EA /* NSLogger.h */ = {isa = PBXFileReference; fileEncoding = 4; lastKnownFileType = sourcecode.c.h; path = NSLogger.h; sourceTree = "<group>"; };
		02F4E8771B3B3C7F004AB9EA /* NSLoggerAppenderTests.swift */ = {isa = PBXFileReference; fileEncoding = 4; lastKnownFileType = sourcecode.swift; path = NSLoggerAppenderTests.swift; sourceTree = "<group>"; };
		5E06D56D1B98810E00273AC7 /* PatternFormatterPerformanceTests.swift */ = {isa = PBXFileReference; fileEncoding = 4; lastKnownFileType = sourcecode.swift; path = PatternFormatterPerformanceTests.swift; sourceTree = "<group>"; };
		5E16DDBB1B3441A50035D8D8 /* PatternFormatter.swift */ = {isa = PBXFileReference; fileEncoding = 4; lastKnownFileType = sourcecode.swift; path = PatternFormatter.swift; sourceTree = "<group>"; };
		5E17F3261B341B1D00E262F5 /* PatternFormatterTests.swift */ = {isa = PBXFileReference; fileEncoding = 4; lastKnownFileType = sourcecode.swift; path = PatternFormatterTests.swift; sourceTree = "<group>"; };
		5E3F86D81DC25E2F008F296C /* Log4swift.framework */ = {isa = PBXFileReference; explicitFileType = wrapper.framework; includeInIndex = 0; path = Log4swift.framework; sourceTree = BUILT_PRODUCTS_DIR; };
		5E484E4E1B467C2500CA5C01 /* LoggerFactory+loadFromFile.swift */ = {isa = PBXFileReference; fileEncoding = 4; lastKnownFileType = sourcecode.swift; path = "LoggerFactory+loadFromFile.swift"; sourceTree = "<group>"; };
		5E484E501B46843D00CA5C01 /* Errors.swift */ = {isa = PBXFileReference; fileEncoding = 4; lastKnownFileType = sourcecode.swift; path = Errors.swift; sourceTree = "<group>"; };
		5E484E521B468E5900CA5C01 /* LoggerFactory+loadFromFileTests.swift */ = {isa = PBXFileReference; fileEncoding = 4; lastKnownFileType = sourcecode.swift; path = "LoggerFactory+loadFromFileTests.swift"; sourceTree = "<group>"; };
		5E4D39111B690DC40006961C /* NSLogAppender.swift */ = {isa = PBXFileReference; fileEncoding = 4; lastKnownFileType = sourcecode.swift; path = NSLogAppender.swift; sourceTree = "<group>"; };
		5E4D39501B6915FE0006961C /* Logger+objectiveCTests.swift */ = {isa = PBXFileReference; fileEncoding = 4; lastKnownFileType = sourcecode.swift; path = "Logger+objectiveCTests.swift"; sourceTree = "<group>"; };
		5E66F7691B42C959009395CE /* Bool+utilities.swift */ = {isa = PBXFileReference; fileEncoding = 4; lastKnownFileType = sourcecode.swift; path = "Bool+utilities.swift"; sourceTree = "<group>"; };
		5E66F76B1B42CA21009395CE /* Bool+utilitiesTests.swift */ = {isa = PBXFileReference; fileEncoding = 4; lastKnownFileType = sourcecode.swift; path = "Bool+utilitiesTests.swift"; sourceTree = "<group>"; };
		5E6727CD1B6B5AB200BFFD93 /* ASLAppenderTests.swift */ = {isa = PBXFileReference; fileEncoding = 4; lastKnownFileType = sourcecode.swift; path = ASLAppenderTests.swift; sourceTree = "<group>"; };
		5EA3F1561B5D2DEA00B7C420 /* Logger+objectiveC.swift */ = {isa = PBXFileReference; fileEncoding = 4; lastKnownFileType = sourcecode.swift; path = "Logger+objectiveC.swift"; sourceTree = "<group>"; };
		5ED244E01B343A0400453B31 /* FunctionalTests.swift */ = {isa = PBXFileReference; fileEncoding = 4; lastKnownFileType = sourcecode.swift; path = FunctionalTests.swift; sourceTree = "<group>"; };
		5ED244E41B34408600453B31 /* Formatter.swift */ = {isa = PBXFileReference; fileEncoding = 4; lastKnownFileType = sourcecode.swift; path = Formatter.swift; sourceTree = "<group>"; };
		5ED41A661B3D949900C39F6E /* LogLevelTests.swift */ = {isa = PBXFileReference; fileEncoding = 4; lastKnownFileType = sourcecode.swift; path = LogLevelTests.swift; sourceTree = "<group>"; };
		5EF80A911B7A172400A5F07A /* Log4swift.framework */ = {isa = PBXFileReference; explicitFileType = wrapper.framework; includeInIndex = 0; path = Log4swift.framework; sourceTree = BUILT_PRODUCTS_DIR; };
		5EF80AA11B7A172500A5F07A /* Info.plist */ = {isa = PBXFileReference; lastKnownFileType = text.plist.xml; name = Info.plist; path = ../log4swiftTests/Info.plist; sourceTree = "<group>"; };
		5EFEFA921B69383A00A28A53 /* ASLAppender.swift */ = {isa = PBXFileReference; fileEncoding = 4; lastKnownFileType = sourcecode.swift; path = ASLAppender.swift; sourceTree = "<group>"; };
		5EFEFA951B69388800A28A53 /* ASLWrapper.h */ = {isa = PBXFileReference; fileEncoding = 4; lastKnownFileType = sourcecode.c.h; name = ASLWrapper.h; path = "Log4swift/Objective-c wrappers/ASLWrapper.h"; sourceTree = "<group>"; };
		5EFEFA961B69388800A28A53 /* ASLWrapper.m */ = {isa = PBXFileReference; fileEncoding = 4; lastKnownFileType = sourcecode.c.objc; name = ASLWrapper.m; path = "Log4swift/Objective-c wrappers/ASLWrapper.m"; sourceTree = "<group>"; };
		780744AE1E1BA14C003FA519 /* SubclassingTests.swift */ = {isa = PBXFileReference; fileEncoding = 4; lastKnownFileType = sourcecode.swift; path = SubclassingTests.swift; sourceTree = "<group>"; };
		78389E461ECC26B0008898E7 /* Class+utilities.swift */ = {isa = PBXFileReference; fileEncoding = 4; lastKnownFileType = sourcecode.swift; path = "Class+utilities.swift"; sourceTree = "<group>"; };
		D9322BF81B440E7D00C9F6D9 /* Array+utilities.swift */ = {isa = PBXFileReference; fileEncoding = 4; lastKnownFileType = sourcecode.swift; path = "Array+utilities.swift"; sourceTree = "<group>"; };
		D9B229E31B443B670001EE9A /* Array+utilitiesTests.swift */ = {isa = PBXFileReference; fileEncoding = 4; lastKnownFileType = sourcecode.swift; path = "Array+utilitiesTests.swift"; sourceTree = "<group>"; };
/* End PBXFileReference section */

/* Begin PBXFrameworksBuildPhase section */
		02664C061B2CE96500B695DE /* Frameworks */ = {
			isa = PBXFrameworksBuildPhase;
			buildActionMask = 2147483647;
			files = (
			);
			runOnlyForDeploymentPostprocessing = 0;
		};
		02664C111B2CE96500B695DE /* Frameworks */ = {
			isa = PBXFrameworksBuildPhase;
			buildActionMask = 2147483647;
			files = (
				02664C151B2CE96500B695DE /* Log4swift.framework in Frameworks */,
			);
			runOnlyForDeploymentPostprocessing = 0;
		};
		02B61A5C1B56D1F100C683D8 /* Frameworks */ = {
			isa = PBXFrameworksBuildPhase;
			buildActionMask = 2147483647;
			files = (
				02B61A5D1B56D1F100C683D8 /* Log4swift.framework in Frameworks */,
			);
			runOnlyForDeploymentPostprocessing = 0;
		};
		5E3F86D41DC25E2F008F296C /* Frameworks */ = {
			isa = PBXFrameworksBuildPhase;
			buildActionMask = 2147483647;
			files = (
			);
			runOnlyForDeploymentPostprocessing = 0;
		};
		5EF80A8D1B7A172400A5F07A /* Frameworks */ = {
			isa = PBXFrameworksBuildPhase;
			buildActionMask = 2147483647;
			files = (
			);
			runOnlyForDeploymentPostprocessing = 0;
		};
/* End PBXFrameworksBuildPhase section */

/* Begin PBXGroup section */
		021136B11B55A789000954DF /* Resources */ = {
			isa = PBXGroup;
			children = (
				021136B21B55A85A000954DF /* ValidCompleteConfiguration.plist */,
			);
			path = Resources;
			sourceTree = "<group>";
		};
		0237CF341B2E220F004D5B9F /* Example playgrounds */ = {
			isa = PBXGroup;
			children = (
				0237CF351B2E220F004D5B9F /* SimpleUsage-OSX.playground */,
				02D87E431B34BBCC0089A222 /* SoftwareConfiguration-OSX.playground */,
			);
			path = "Example playgrounds";
			sourceTree = "<group>";
		};
		024E2E021B3F414000457304 /* Utilities */ = {
			isa = PBXGroup;
			children = (
				024E2E031B3F41D500457304 /* XCTestCase+noThrow.swift */,
				5E66F76B1B42CA21009395CE /* Bool+utilitiesTests.swift */,
				D9B229E31B443B670001EE9A /* Array+utilitiesTests.swift */,
				0291DB731BC443D2000B90FD /* String+utilitiesTest.swift */,
				02DE4EE11C3708F100030042 /* FileObserverTests.swift */,
				02DE4EE31C370A4600030042 /* XCTestCase+fileAdditions.swift */,
			);
			path = Utilities;
			sourceTree = "<group>";
		};
		024FD79A1B2DD3D700A8609C /* Utilities */ = {
			isa = PBXGroup;
			children = (
				024FD79B1B2DD3FE00A8609C /* String+utilities.swift */,
				5E66F7691B42C959009395CE /* Bool+utilities.swift */,
				D9322BF81B440E7D00C9F6D9 /* Array+utilities.swift */,
				0241A2D71C32ACD400A624CF /* FileObserver.swift */,
				78389E461ECC26B0008898E7 /* Class+utilities.swift */,
				0201CDC321199725006E3608 /* MultithreadingUtilities.swift */,
			);
			path = Utilities;
			sourceTree = "<group>";
		};
		024FD79D1B2DE0F000A8609C /* TestObjects */ = {
			isa = PBXGroup;
			children = (
				024FD79E1B2DE13300A8609C /* MemoryAppender.swift */,
				02A3916E212B361D007816A8 /* TestRotationPolicy.swift */,
			);
			path = TestObjects;
			sourceTree = "<group>";
		};
		02664C001B2CE96500B695DE = {
			isa = PBXGroup;
			children = (
				02664C0C1B2CE96500B695DE /* Log4swift */,
				02664C181B2CE96500B695DE /* Log4swiftTests */,
				02B61A491B56D11A00C683D8 /* Log4swiftPerformanceTests */,
				02F4E85E1B3A02EC004AB9EA /* Third parties */,
				0237CF341B2E220F004D5B9F /* Example playgrounds */,
				02664C0B1B2CE96500B695DE /* Products */,
			);
			indentWidth = 2;
			sourceTree = "<group>";
		};
		02664C0B1B2CE96500B695DE /* Products */ = {
			isa = PBXGroup;
			children = (
				02664C0A1B2CE96500B695DE /* Log4swift.framework */,
				02664C141B2CE96500B695DE /* Log4swiftTests.xctest */,
				02B61A631B56D1F100C683D8 /* log4swiftPerformanceTests.xctest */,
				5EF80A911B7A172400A5F07A /* Log4swift.framework */,
				5E3F86D81DC25E2F008F296C /* Log4swift.framework */,
			);
			name = Products;
			sourceTree = "<group>";
		};
		02664C0C1B2CE96500B695DE /* Log4swift */ = {
			isa = PBXGroup;
			children = (
				02664C0D1B2CE96500B695DE /* log4swift.h */,
				026A43801B4DCF2700997862 /* LogInformation.swift */,
				02664C261B2D92CB00B695DE /* LoggerFactory.swift */,
				5E484E4E1B467C2500CA5C01 /* LoggerFactory+loadFromFile.swift */,
				02664C2A1B2D97DE00B695DE /* LogLevel.swift */,
				02664C241B2CEB2900B695DE /* Logger.swift */,
				02664C361B2DBC5C00B695DE /* Logger+convenience.swift */,
				5EA3F1561B5D2DEA00B7C420 /* Logger+objectiveC.swift */,
				5E484E501B46843D00CA5C01 /* Errors.swift */,
				02664C2F1B2DA69A00B695DE /* Appenders */,
				02A39161212B0F04007816A8 /* RotationPolicy */,
				5E17F3231B3328BA00E262F5 /* Formatters */,
				024FD79A1B2DD3D700A8609C /* Utilities */,
				5EFEFA941B69384500A28A53 /* Objective-c wrappers */,
			);
			path = Log4swift;
			sourceTree = "<group>";
		};
		02664C181B2CE96500B695DE /* Log4swiftTests */ = {
			isa = PBXGroup;
			children = (
				5EF80AA11B7A172500A5F07A /* Info.plist */,
				5ED41A661B3D949900C39F6E /* LogLevelTests.swift */,
				02664C3A1B2DC99300B695DE /* LoggerFactoryTests.swift */,
				5E484E521B468E5900CA5C01 /* LoggerFactory+loadFromFileTests.swift */,
				02664C341B2DB25C00B695DE /* LoggerTests.swift */,
				5E4D39501B6915FE0006961C /* Logger+objectiveCTests.swift */,
				021DCE481BE17C4F0026633E /* Logger-AsynchronicityTests.swift */,
				5ED244E01B343A0400453B31 /* FunctionalTests.swift */,
				02B8F6211B30B21B0077A8A6 /* Appenders */,
				02A39173212B4885007816A8 /* RotationPolicy */,
				5E17F3281B341B4900E262F5 /* Formatters */,
				024FD79D1B2DE0F000A8609C /* TestObjects */,
				024E2E021B3F414000457304 /* Utilities */,
				021136B11B55A789000954DF /* Resources */,
			);
			path = Log4swiftTests;
			sourceTree = "<group>";
		};
		02664C2F1B2DA69A00B695DE /* Appenders */ = {
			isa = PBXGroup;
			children = (
				02664C301B2DA6A200B695DE /* Appender.swift */,
				02664C321B2DA70C00B695DE /* StdOutAppender.swift */,
				02B8F61F1B30A1DD0077A8A6 /* FileAppender.swift */,
				02F4E8681B3A0354004AB9EA /* NSLoggerAppender.swift */,
				5E4D39111B690DC40006961C /* NSLogAppender.swift */,
				5EFEFA921B69383A00A28A53 /* ASLAppender.swift */,
				02D9A0C91F9F2EF80086C5A5 /* AppleUnifiedLoggerAppender.swift */,
				02D9A0CF1F9FADD90086C5A5 /* SystemAppender.swift */,
			);
			path = Appenders;
			sourceTree = "<group>";
		};
		02A39161212B0F04007816A8 /* RotationPolicy */ = {
			isa = PBXGroup;
			children = (
				02A39162212B0F67007816A8 /* FileAppenderRotationPolicy.swift */,
				02A39166212B1140007816A8 /* DateRotationPolicy.swift */,
				02A3916A212B1A97007816A8 /* SizeRotationPolicy.swift */,
			);
			path = RotationPolicy;
			sourceTree = "<group>";
		};
		02A39173212B4885007816A8 /* RotationPolicy */ = {
			isa = PBXGroup;
			children = (
				02A39174212B48E6007816A8 /* SizeRotationPolicyTests.swift */,
				02A3917921302E94007816A8 /* DateRotationPolicyTest.swift */,
			);
			path = RotationPolicy;
			sourceTree = "<group>";
		};
		02B61A491B56D11A00C683D8 /* Log4swiftPerformanceTests */ = {
			isa = PBXGroup;
			children = (
				02B61A4A1B56D16900C683D8 /* PerformanceTests.swift */,
				5E06D56D1B98810E00273AC7 /* PatternFormatterPerformanceTests.swift */,
				02B61A641B56D1F200C683D8 /* log4swiftPerformanceTests-Info.plist */,
				0201CDC721199C8F006E3608 /* FileAppenderPerformanceTests.swift */,
			);
			path = Log4swiftPerformanceTests;
			sourceTree = "<group>";
		};
		02B8F6211B30B21B0077A8A6 /* Appenders */ = {
			isa = PBXGroup;
			children = (
				02B8F6221B30B26A0077A8A6 /* FileAppenderTests.swift */,
				02568DAD1B3631FD00EDDFFE /* StdOutAppenderTests.swift */,
				02F4E8771B3B3C7F004AB9EA /* NSLoggerAppenderTests.swift */,
				5E6727CD1B6B5AB200BFFD93 /* ASLAppenderTests.swift */,
				780744AE1E1BA14C003FA519 /* SubclassingTests.swift */,
				02D9A0CC1F9F3A110086C5A5 /* AppleUnifiedLoggerAppenderTests.swift */,
				02D9A0D31F9FD30B0086C5A5 /* SystemAppenderTests.swift */,
			);
			path = Appenders;
			sourceTree = "<group>";
		};
		02F4E85E1B3A02EC004AB9EA /* Third parties */ = {
			isa = PBXGroup;
			children = (
				02F4E85F1B3A02F7004AB9EA /* NSLogger */,
			);
			path = "Third parties";
			sourceTree = "<group>";
		};
		02F4E85F1B3A02F7004AB9EA /* NSLogger */ = {
			isa = PBXGroup;
			children = (
				02F4E86A1B3A0454004AB9EA /* LoggerClient.h */,
				02F4E86B1B3A0454004AB9EA /* LoggerClient.m */,
				02F4E86C1B3A0454004AB9EA /* LoggerCommon.h */,
				02F4E86D1B3A0454004AB9EA /* NSLogger.h */,
			);
			path = NSLogger;
			sourceTree = "<group>";
		};
		5E17F3231B3328BA00E262F5 /* Formatters */ = {
			isa = PBXGroup;
			children = (
				5ED244E41B34408600453B31 /* Formatter.swift */,
				5E16DDBB1B3441A50035D8D8 /* PatternFormatter.swift */,
			);
			path = Formatters;
			sourceTree = "<group>";
		};
		5E17F3281B341B4900E262F5 /* Formatters */ = {
			isa = PBXGroup;
			children = (
				5E17F3261B341B1D00E262F5 /* PatternFormatterTests.swift */,
			);
			path = Formatters;
			sourceTree = "<group>";
		};
		5EFEFA941B69384500A28A53 /* Objective-c wrappers */ = {
			isa = PBXGroup;
			children = (
				5EFEFA951B69388800A28A53 /* ASLWrapper.h */,
				5EFEFA961B69388800A28A53 /* ASLWrapper.m */,
			);
			name = "Objective-c wrappers";
			path = ..;
			sourceTree = "<group>";
		};
/* End PBXGroup section */

/* Begin PBXHeadersBuildPhase section */
		02664C071B2CE96500B695DE /* Headers */ = {
			isa = PBXHeadersBuildPhase;
			buildActionMask = 2147483647;
			files = (
				02664C0E1B2CE96500B695DE /* log4swift.h in Headers */,
				02F4E8711B3A0454004AB9EA /* NSLogger.h in Headers */,
				5EFEFA971B69388800A28A53 /* ASLWrapper.h in Headers */,
				02F4E86E1B3A0454004AB9EA /* LoggerClient.h in Headers */,
				02F4E8701B3A0454004AB9EA /* LoggerCommon.h in Headers */,
			);
			runOnlyForDeploymentPostprocessing = 0;
		};
		5E3F86D51DC25E2F008F296C /* Headers */ = {
			isa = PBXHeadersBuildPhase;
			buildActionMask = 2147483647;
			files = (
				5E3F86E01DC25ED7008F296C /* log4swift.h in Headers */,
				5E3F86FA1DC25F13008F296C /* NSLogger.h in Headers */,
				5E3F86F71DC25F09008F296C /* LoggerClient.h in Headers */,
				5E3F86F51DC25EED008F296C /* ASLWrapper.h in Headers */,
				5E3F86F91DC25F13008F296C /* LoggerCommon.h in Headers */,
			);
			runOnlyForDeploymentPostprocessing = 0;
		};
		5EF80A8E1B7A172400A5F07A /* Headers */ = {
			isa = PBXHeadersBuildPhase;
			buildActionMask = 2147483647;
			files = (
				5E3E72101B7A25BA00EEE46B /* LoggerClient.h in Headers */,
				5E3E72111B7A25BA00EEE46B /* LoggerCommon.h in Headers */,
				5E3E72131B7A25DC00EEE46B /* ASLWrapper.h in Headers */,
				5E06D56C1B987F5700273AC7 /* log4swift.h in Headers */,
				5E3E72121B7A25BA00EEE46B /* NSLogger.h in Headers */,
			);
			runOnlyForDeploymentPostprocessing = 0;
		};
/* End PBXHeadersBuildPhase section */

/* Begin PBXNativeTarget section */
		02664C091B2CE96500B695DE /* log4swift_OSX */ = {
			isa = PBXNativeTarget;
			buildConfigurationList = 02664C1E1B2CE96500B695DE /* Build configuration list for PBXNativeTarget "log4swift_OSX" */;
			buildPhases = (
				02664C051B2CE96500B695DE /* Sources */,
				02664C061B2CE96500B695DE /* Frameworks */,
				02664C071B2CE96500B695DE /* Headers */,
				02664C081B2CE96500B695DE /* Resources */,
			);
			buildRules = (
			);
			dependencies = (
			);
			name = log4swift_OSX;
			productName = log4swift;
			productReference = 02664C0A1B2CE96500B695DE /* Log4swift.framework */;
			productType = "com.apple.product-type.framework";
		};
		02664C131B2CE96500B695DE /* log4swiftTests */ = {
			isa = PBXNativeTarget;
			buildConfigurationList = 02664C211B2CE96500B695DE /* Build configuration list for PBXNativeTarget "log4swiftTests" */;
			buildPhases = (
				02664C101B2CE96500B695DE /* Sources */,
				02664C111B2CE96500B695DE /* Frameworks */,
				02664C121B2CE96500B695DE /* Resources */,
			);
			buildRules = (
			);
			dependencies = (
				02664C171B2CE96500B695DE /* PBXTargetDependency */,
			);
			name = log4swiftTests;
			productName = log4swiftTests;
			productReference = 02664C141B2CE96500B695DE /* Log4swiftTests.xctest */;
			productType = "com.apple.product-type.bundle.unit-test";
		};
		02B61A4B1B56D1F100C683D8 /* log4swiftPerformanceTests */ = {
			isa = PBXNativeTarget;
			buildConfigurationList = 02B61A601B56D1F100C683D8 /* Build configuration list for PBXNativeTarget "log4swiftPerformanceTests" */;
			buildPhases = (
				02B61A4E1B56D1F100C683D8 /* Sources */,
				02B61A5C1B56D1F100C683D8 /* Frameworks */,
				02B61A5E1B56D1F100C683D8 /* Resources */,
			);
			buildRules = (
			);
			dependencies = (
				02B61A4C1B56D1F100C683D8 /* PBXTargetDependency */,
			);
			name = log4swiftPerformanceTests;
			productName = log4swiftTests;
			productReference = 02B61A631B56D1F100C683D8 /* log4swiftPerformanceTests.xctest */;
			productType = "com.apple.product-type.bundle.unit-test";
		};
		5E3F86D71DC25E2F008F296C /* log4swift_tvOS */ = {
			isa = PBXNativeTarget;
			buildConfigurationList = 5E3F86DF1DC25E2F008F296C /* Build configuration list for PBXNativeTarget "log4swift_tvOS" */;
			buildPhases = (
				5E3F86D31DC25E2F008F296C /* Sources */,
				5E3F86D41DC25E2F008F296C /* Frameworks */,
				5E3F86D51DC25E2F008F296C /* Headers */,
				5E3F86D61DC25E2F008F296C /* Resources */,
			);
			buildRules = (
			);
			dependencies = (
			);
			name = log4swift_tvOS;
			productName = log4swift_tvOS;
			productReference = 5E3F86D81DC25E2F008F296C /* Log4swift.framework */;
			productType = "com.apple.product-type.framework";
		};
		5EF80A901B7A172400A5F07A /* log4swift_iOS */ = {
			isa = PBXNativeTarget;
			buildConfigurationList = 5EF80AA41B7A172500A5F07A /* Build configuration list for PBXNativeTarget "log4swift_iOS" */;
			buildPhases = (
				5EF80A8C1B7A172400A5F07A /* Sources */,
				5EF80A8D1B7A172400A5F07A /* Frameworks */,
				5EF80A8E1B7A172400A5F07A /* Headers */,
				5EF80A8F1B7A172400A5F07A /* Resources */,
			);
			buildRules = (
			);
			dependencies = (
			);
			name = log4swift_iOS;
			productName = log4swift;
			productReference = 5EF80A911B7A172400A5F07A /* Log4swift.framework */;
			productType = "com.apple.product-type.framework";
		};
/* End PBXNativeTarget section */

/* Begin PBXProject section */
		02664C011B2CE96500B695DE /* Project object */ = {
			isa = PBXProject;
			attributes = {
				LastSwiftUpdateCheck = 0700;
				LastUpgradeCheck = 1000;
				ORGANIZATIONNAME = jerome;
				TargetAttributes = {
					02664C091B2CE96500B695DE = {
						CreatedOnToolsVersion = 7.0;
						LastSwiftMigration = 0900;
					};
					02664C131B2CE96500B695DE = {
						CreatedOnToolsVersion = 7.0;
						LastSwiftMigration = 0900;
					};
					5E3F86D71DC25E2F008F296C = {
						CreatedOnToolsVersion = 8.0;
						ProvisioningStyle = Automatic;
					};
					5EF80A901B7A172400A5F07A = {
						CreatedOnToolsVersion = 6.3.2;
						LastSwiftMigration = 0900;
					};
				};
			};
			buildConfigurationList = 02664C041B2CE96500B695DE /* Build configuration list for PBXProject "Log4swift" */;
			compatibilityVersion = "Xcode 6.3";
			developmentRegion = English;
			hasScannedForEncodings = 0;
			knownRegions = (
				en,
			);
			mainGroup = 02664C001B2CE96500B695DE;
			productRefGroup = 02664C0B1B2CE96500B695DE /* Products */;
			projectDirPath = "";
			projectRoot = "";
			targets = (
				02664C091B2CE96500B695DE /* log4swift_OSX */,
				5EF80A901B7A172400A5F07A /* log4swift_iOS */,
				5E3F86D71DC25E2F008F296C /* log4swift_tvOS */,
				02664C131B2CE96500B695DE /* log4swiftTests */,
				02B61A4B1B56D1F100C683D8 /* log4swiftPerformanceTests */,
			);
		};
/* End PBXProject section */

/* Begin PBXResourcesBuildPhase section */
		02664C081B2CE96500B695DE /* Resources */ = {
			isa = PBXResourcesBuildPhase;
			buildActionMask = 2147483647;
			files = (
			);
			runOnlyForDeploymentPostprocessing = 0;
		};
		02664C121B2CE96500B695DE /* Resources */ = {
			isa = PBXResourcesBuildPhase;
			buildActionMask = 2147483647;
			files = (
				021136B31B55A85A000954DF /* ValidCompleteConfiguration.plist in Resources */,
			);
			runOnlyForDeploymentPostprocessing = 0;
		};
		02B61A5E1B56D1F100C683D8 /* Resources */ = {
			isa = PBXResourcesBuildPhase;
			buildActionMask = 2147483647;
			files = (
				02B61A5F1B56D1F100C683D8 /* ValidCompleteConfiguration.plist in Resources */,
			);
			runOnlyForDeploymentPostprocessing = 0;
		};
		5E3F86D61DC25E2F008F296C /* Resources */ = {
			isa = PBXResourcesBuildPhase;
			buildActionMask = 2147483647;
			files = (
			);
			runOnlyForDeploymentPostprocessing = 0;
		};
		5EF80A8F1B7A172400A5F07A /* Resources */ = {
			isa = PBXResourcesBuildPhase;
			buildActionMask = 2147483647;
			files = (
			);
			runOnlyForDeploymentPostprocessing = 0;
		};
/* End PBXResourcesBuildPhase section */

/* Begin PBXSourcesBuildPhase section */
		02664C051B2CE96500B695DE /* Sources */ = {
			isa = PBXSourcesBuildPhase;
			buildActionMask = 2147483647;
			files = (
				02F4E86F1B3A0454004AB9EA /* LoggerClient.m in Sources */,
				02D9A0CA1F9F2EF80086C5A5 /* AppleUnifiedLoggerAppender.swift in Sources */,
				02A3916B212B1A97007816A8 /* SizeRotationPolicy.swift in Sources */,
				02664C311B2DA6A200B695DE /* Appender.swift in Sources */,
				5E66F76A1B42C959009395CE /* Bool+utilities.swift in Sources */,
				02664C271B2D92CB00B695DE /* LoggerFactory.swift in Sources */,
				0201CDC421199725006E3608 /* MultithreadingUtilities.swift in Sources */,
				5E484E511B46843D00CA5C01 /* Errors.swift in Sources */,
				5ED244E51B34408600453B31 /* Formatter.swift in Sources */,
				02664C251B2CEB2900B695DE /* Logger.swift in Sources */,
				5EFEFA931B69383A00A28A53 /* ASLAppender.swift in Sources */,
				02D9A0D01F9FADD90086C5A5 /* SystemAppender.swift in Sources */,
				02F4E8691B3A0354004AB9EA /* NSLoggerAppender.swift in Sources */,
				02664C331B2DA70C00B695DE /* StdOutAppender.swift in Sources */,
				02A39167212B1141007816A8 /* DateRotationPolicy.swift in Sources */,
				02A39163212B0F67007816A8 /* FileAppenderRotationPolicy.swift in Sources */,
				D9322BF91B440E7D00C9F6D9 /* Array+utilities.swift in Sources */,
				5E4D39121B690DC40006961C /* NSLogAppender.swift in Sources */,
				02B8F6201B30A1DD0077A8A6 /* FileAppender.swift in Sources */,
				78389E471ECC26B0008898E7 /* Class+utilities.swift in Sources */,
				5EA3F1571B5D2DEA00B7C420 /* Logger+objectiveC.swift in Sources */,
				024FD79C1B2DD3FE00A8609C /* String+utilities.swift in Sources */,
				02664C2B1B2D97DE00B695DE /* LogLevel.swift in Sources */,
				02664C371B2DBC5C00B695DE /* Logger+convenience.swift in Sources */,
				5E484E4F1B467C2500CA5C01 /* LoggerFactory+loadFromFile.swift in Sources */,
				5EFEFA981B69388800A28A53 /* ASLWrapper.m in Sources */,
				5E16DDBC1B3441A50035D8D8 /* PatternFormatter.swift in Sources */,
				026A43811B4DCF2700997862 /* LogInformation.swift in Sources */,
				0241A2D81C32ACD400A624CF /* FileObserver.swift in Sources */,
			);
			runOnlyForDeploymentPostprocessing = 0;
		};
		02664C101B2CE96500B695DE /* Sources */ = {
			isa = PBXSourcesBuildPhase;
			buildActionMask = 2147483647;
			files = (
				5E484E541B468E6600CA5C01 /* LoggerFactory+loadFromFileTests.swift in Sources */,
				024E2E051B3F470500457304 /* XCTestCase+noThrow.swift in Sources */,
				02D9A0D41F9FD30B0086C5A5 /* SystemAppenderTests.swift in Sources */,
				02DE4EE21C3708F100030042 /* FileObserverTests.swift in Sources */,
				02A3917821302B86007816A8 /* SizeRotationPolicyTests.swift in Sources */,
				02A3917A21302E94007816A8 /* DateRotationPolicyTest.swift in Sources */,
				0291DB741BC443D2000B90FD /* String+utilitiesTest.swift in Sources */,
				02B8F6231B30B26A0077A8A6 /* FileAppenderTests.swift in Sources */,
				02D9A0CD1F9F3A110086C5A5 /* AppleUnifiedLoggerAppenderTests.swift in Sources */,
				D9B229E41B443B670001EE9A /* Array+utilitiesTests.swift in Sources */,
				5E4D39511B6915FE0006961C /* Logger+objectiveCTests.swift in Sources */,
				02F4E8781B3B3C7F004AB9EA /* NSLoggerAppenderTests.swift in Sources */,
				5ED41A671B3D949900C39F6E /* LogLevelTests.swift in Sources */,
				5E66F76C1B42CA21009395CE /* Bool+utilitiesTests.swift in Sources */,
				024FD7A01B2DE47C00A8609C /* MemoryAppender.swift in Sources */,
				02664C351B2DB25C00B695DE /* LoggerTests.swift in Sources */,
				5E17F3271B341B1D00E262F5 /* PatternFormatterTests.swift in Sources */,
				780744AF1E1BA14C003FA519 /* SubclassingTests.swift in Sources */,
				021DCE491BE17C4F0026633E /* Logger-AsynchronicityTests.swift in Sources */,
				5ED244E11B343A0400453B31 /* FunctionalTests.swift in Sources */,
				02664C3B1B2DC99300B695DE /* LoggerFactoryTests.swift in Sources */,
				02A39172212B365D007816A8 /* TestRotationPolicy.swift in Sources */,
				02568DAE1B3631FD00EDDFFE /* StdOutAppenderTests.swift in Sources */,
				02DE4EE41C370A4600030042 /* XCTestCase+fileAdditions.swift in Sources */,
			);
			runOnlyForDeploymentPostprocessing = 0;
		};
		02B61A4E1B56D1F100C683D8 /* Sources */ = {
			isa = PBXSourcesBuildPhase;
			buildActionMask = 2147483647;
			files = (
				0285F3BA1CC01FE200CA850D /* XCTestCase+fileAdditions.swift in Sources */,
				0201CDC821199C8F006E3608 /* FileAppenderPerformanceTests.swift in Sources */,
				5E06D56E1B98810E00273AC7 /* PatternFormatterPerformanceTests.swift in Sources */,
				02C9E1581B56D40F0038AB0E /* PerformanceTests.swift in Sources */,
			);
			runOnlyForDeploymentPostprocessing = 0;
		};
		5E3F86D31DC25E2F008F296C /* Sources */ = {
			isa = PBXSourcesBuildPhase;
			buildActionMask = 2147483647;
			files = (
				5E3F86F11DC25EED008F296C /* String+utilities.swift in Sources */,
				02D9A0CE1F9F3C3B0086C5A5 /* AppleUnifiedLoggerAppender.swift in Sources */,
				02A3916D212B1A97007816A8 /* SizeRotationPolicy.swift in Sources */,
				5E3F86E51DC25EDF008F296C /* Logger.swift in Sources */,
				5E3F86E21DC25EDF008F296C /* LoggerFactory.swift in Sources */,
				5E3F86E91DC25EE3008F296C /* Appender.swift in Sources */,
				0201CDC621199725006E3608 /* MultithreadingUtilities.swift in Sources */,
				5E3F86F01DC25EE8008F296C /* PatternFormatter.swift in Sources */,
				5E3F86F41DC25EED008F296C /* FileObserver.swift in Sources */,
				5E3F86E31DC25EDF008F296C /* LoggerFactory+loadFromFile.swift in Sources */,
				5E3F86F21DC25EED008F296C /* Bool+utilities.swift in Sources */,
				02D9A0D21F9FADD90086C5A5 /* SystemAppender.swift in Sources */,
				5E3F86E71DC25EDF008F296C /* Logger+objectiveC.swift in Sources */,
				5E3F86EC1DC25EE3008F296C /* NSLoggerAppender.swift in Sources */,
				02A39169212B1141007816A8 /* DateRotationPolicy.swift in Sources */,
				02A39165212B0F67007816A8 /* FileAppenderRotationPolicy.swift in Sources */,
				5E3F86EA1DC25EE3008F296C /* StdOutAppender.swift in Sources */,
				5E3F86E81DC25EDF008F296C /* Errors.swift in Sources */,
				5E3F86F31DC25EED008F296C /* Array+utilities.swift in Sources */,
				78389E491ECC26B0008898E7 /* Class+utilities.swift in Sources */,
				5E3F86E11DC25EDF008F296C /* LogInformation.swift in Sources */,
				5E3F86F81DC25F0F008F296C /* LoggerClient.m in Sources */,
				5E3F86ED1DC25EE3008F296C /* NSLogAppender.swift in Sources */,
				5E3F86E41DC25EDF008F296C /* LogLevel.swift in Sources */,
				5E3F86EE1DC25EE3008F296C /* ASLAppender.swift in Sources */,
				5E3F86EF1DC25EE8008F296C /* Formatter.swift in Sources */,
				5E3F86F61DC25EED008F296C /* ASLWrapper.m in Sources */,
				5E3F86EB1DC25EE3008F296C /* FileAppender.swift in Sources */,
				5E3F86E61DC25EDF008F296C /* Logger+convenience.swift in Sources */,
			);
			runOnlyForDeploymentPostprocessing = 0;
		};
		5EF80A8C1B7A172400A5F07A /* Sources */ = {
			isa = PBXSourcesBuildPhase;
			buildActionMask = 2147483647;
			files = (
				5E3E71FC1B7A185400EEE46B /* LogLevel.swift in Sources */,
				02D9A0CB1F9F2EF80086C5A5 /* AppleUnifiedLoggerAppender.swift in Sources */,
				02A3916C212B1A97007816A8 /* SizeRotationPolicy.swift in Sources */,
				5E3E71FD1B7A185400EEE46B /* Logger.swift in Sources */,
				5E3E71FE1B7A185400EEE46B /* Logger+convenience.swift in Sources */,
				5E3E72141B7A263100EEE46B /* LoggerClient.m in Sources */,
				0201CDC521199725006E3608 /* MultithreadingUtilities.swift in Sources */,
				5E3E71FF1B7A185400EEE46B /* Logger+objectiveC.swift in Sources */,
				5E3E72001B7A185400EEE46B /* LoggerFactory.swift in Sources */,
				5E3E72011B7A185400EEE46B /* LoggerFactory+loadFromFile.swift in Sources */,
				5E3E72021B7A185400EEE46B /* Errors.swift in Sources */,
				02D9A0D11F9FADD90086C5A5 /* SystemAppender.swift in Sources */,
				5E3E72031B7A185400EEE46B /* LogInformation.swift in Sources */,
				5E3E72041B7A186700EEE46B /* Appender.swift in Sources */,
				02A39168212B1141007816A8 /* DateRotationPolicy.swift in Sources */,
				02A39164212B0F67007816A8 /* FileAppenderRotationPolicy.swift in Sources */,
				5E3E72051B7A186700EEE46B /* StdOutAppender.swift in Sources */,
				5E3E72061B7A186700EEE46B /* FileAppender.swift in Sources */,
				5E3E72071B7A186700EEE46B /* NSLoggerAppender.swift in Sources */,
				78389E481ECC26B0008898E7 /* Class+utilities.swift in Sources */,
				5E3E72081B7A186700EEE46B /* NSLogAppender.swift in Sources */,
				5E3E72091B7A186700EEE46B /* ASLAppender.swift in Sources */,
				5E3E720A1B7A186700EEE46B /* Formatter.swift in Sources */,
				5E3E720B1B7A186700EEE46B /* PatternFormatter.swift in Sources */,
				5E3E720C1B7A186700EEE46B /* String+utilities.swift in Sources */,
				5E3E720D1B7A186700EEE46B /* Bool+utilities.swift in Sources */,
				5E3E720E1B7A186700EEE46B /* Array+utilities.swift in Sources */,
				5E3E720F1B7A186700EEE46B /* ASLWrapper.m in Sources */,
				0241A2D91C32ACD400A624CF /* FileObserver.swift in Sources */,
			);
			runOnlyForDeploymentPostprocessing = 0;
		};
/* End PBXSourcesBuildPhase section */

/* Begin PBXTargetDependency section */
		02664C171B2CE96500B695DE /* PBXTargetDependency */ = {
			isa = PBXTargetDependency;
			target = 02664C091B2CE96500B695DE /* log4swift_OSX */;
			targetProxy = 02664C161B2CE96500B695DE /* PBXContainerItemProxy */;
		};
		02B61A4C1B56D1F100C683D8 /* PBXTargetDependency */ = {
			isa = PBXTargetDependency;
			target = 02664C091B2CE96500B695DE /* log4swift_OSX */;
			targetProxy = 02B61A4D1B56D1F100C683D8 /* PBXContainerItemProxy */;
		};
/* End PBXTargetDependency section */

/* Begin XCBuildConfiguration section */
		02664C1C1B2CE96500B695DE /* Debug */ = {
			isa = XCBuildConfiguration;
			buildSettings = {
				ALWAYS_SEARCH_USER_PATHS = NO;
				APPLICATION_EXTENSION_API_ONLY = YES;
				CLANG_ALLOW_NON_MODULAR_INCLUDES_IN_FRAMEWORK_MODULES = YES;
				CLANG_CXX_LANGUAGE_STANDARD = "gnu++0x";
				CLANG_CXX_LIBRARY = "libc++";
				CLANG_ENABLE_MODULES = YES;
				CLANG_ENABLE_OBJC_ARC = YES;
				CLANG_WARN_BLOCK_CAPTURE_AUTORELEASING = YES;
				CLANG_WARN_BOOL_CONVERSION = YES;
				CLANG_WARN_COMMA = YES;
				CLANG_WARN_CONSTANT_CONVERSION = YES;
				CLANG_WARN_DEPRECATED_OBJC_IMPLEMENTATIONS = YES;
				CLANG_WARN_DIRECT_OBJC_ISA_USAGE = YES_ERROR;
				CLANG_WARN_EMPTY_BODY = YES;
				CLANG_WARN_ENUM_CONVERSION = YES;
				CLANG_WARN_INFINITE_RECURSION = YES;
				CLANG_WARN_INT_CONVERSION = YES;
				CLANG_WARN_NON_LITERAL_NULL_CONVERSION = YES;
				CLANG_WARN_OBJC_IMPLICIT_RETAIN_SELF = YES;
				CLANG_WARN_OBJC_LITERAL_CONVERSION = YES;
				CLANG_WARN_OBJC_ROOT_CLASS = YES_ERROR;
				CLANG_WARN_RANGE_LOOP_ANALYSIS = YES;
				CLANG_WARN_STRICT_PROTOTYPES = YES;
				CLANG_WARN_SUSPICIOUS_MOVE = YES;
				CLANG_WARN_UNREACHABLE_CODE = YES;
				CLANG_WARN__DUPLICATE_METHOD_MATCH = YES;
				COPY_PHASE_STRIP = NO;
				CURRENT_PROJECT_VERSION = 1;
				DEBUG_INFORMATION_FORMAT = dwarf;
				DEFINES_MODULE = YES;
				ENABLE_STRICT_OBJC_MSGSEND = YES;
				ENABLE_TESTABILITY = YES;
				GCC_C_LANGUAGE_STANDARD = gnu99;
				GCC_DYNAMIC_NO_PIC = NO;
				GCC_NO_COMMON_BLOCKS = YES;
				GCC_OPTIMIZATION_LEVEL = 0;
				GCC_PREPROCESSOR_DEFINITIONS = (
					"DEBUG=1",
					"$(inherited)",
				);
				GCC_WARN_64_TO_32_BIT_CONVERSION = YES;
				GCC_WARN_ABOUT_RETURN_TYPE = YES_ERROR;
				GCC_WARN_UNDECLARED_SELECTOR = YES;
				GCC_WARN_UNINITIALIZED_AUTOS = YES_AGGRESSIVE;
				GCC_WARN_UNUSED_FUNCTION = YES;
				GCC_WARN_UNUSED_VARIABLE = YES;
				IPHONEOS_DEPLOYMENT_TARGET = 8.0;
				MACOSX_DEPLOYMENT_TARGET = 10.9;
				MTL_ENABLE_DEBUG_INFO = YES;
				ONLY_ACTIVE_ARCH = YES;
				PRODUCT_BUNDLE_IDENTIFIER = fr.duquennoy.log4swift;
				PRODUCT_NAME = Log4swift;
				SDKROOT = macosx;
				SWIFT_OBJC_INTERFACE_HEADER_NAME = "log4swift-Swift.h";
				SWIFT_OPTIMIZATION_LEVEL = "-Onone";
				SWIFT_VERSION = 4.0;
				VERSIONING_SYSTEM = "apple-generic";
				VERSION_INFO_PREFIX = "";
			};
			name = Debug;
		};
		02664C1D1B2CE96500B695DE /* Release */ = {
			isa = XCBuildConfiguration;
			buildSettings = {
				ALWAYS_SEARCH_USER_PATHS = NO;
				APPLICATION_EXTENSION_API_ONLY = YES;
				CLANG_ALLOW_NON_MODULAR_INCLUDES_IN_FRAMEWORK_MODULES = YES;
				CLANG_CXX_LANGUAGE_STANDARD = "gnu++0x";
				CLANG_CXX_LIBRARY = "libc++";
				CLANG_ENABLE_MODULES = YES;
				CLANG_ENABLE_OBJC_ARC = YES;
				CLANG_WARN_BLOCK_CAPTURE_AUTORELEASING = YES;
				CLANG_WARN_BOOL_CONVERSION = YES;
				CLANG_WARN_COMMA = YES;
				CLANG_WARN_CONSTANT_CONVERSION = YES;
				CLANG_WARN_DEPRECATED_OBJC_IMPLEMENTATIONS = YES;
				CLANG_WARN_DIRECT_OBJC_ISA_USAGE = YES_ERROR;
				CLANG_WARN_EMPTY_BODY = YES;
				CLANG_WARN_ENUM_CONVERSION = YES;
				CLANG_WARN_INFINITE_RECURSION = YES;
				CLANG_WARN_INT_CONVERSION = YES;
				CLANG_WARN_NON_LITERAL_NULL_CONVERSION = YES;
				CLANG_WARN_OBJC_IMPLICIT_RETAIN_SELF = YES;
				CLANG_WARN_OBJC_LITERAL_CONVERSION = YES;
				CLANG_WARN_OBJC_ROOT_CLASS = YES_ERROR;
				CLANG_WARN_RANGE_LOOP_ANALYSIS = YES;
				CLANG_WARN_STRICT_PROTOTYPES = YES;
				CLANG_WARN_SUSPICIOUS_MOVE = YES;
				CLANG_WARN_UNREACHABLE_CODE = YES;
				CLANG_WARN__DUPLICATE_METHOD_MATCH = YES;
				COPY_PHASE_STRIP = NO;
				CURRENT_PROJECT_VERSION = 1;
				DEBUG_INFORMATION_FORMAT = "dwarf-with-dsym";
				DEFINES_MODULE = YES;
				ENABLE_NS_ASSERTIONS = NO;
				ENABLE_STRICT_OBJC_MSGSEND = YES;
				GCC_C_LANGUAGE_STANDARD = gnu99;
				GCC_NO_COMMON_BLOCKS = YES;
				GCC_WARN_64_TO_32_BIT_CONVERSION = YES;
				GCC_WARN_ABOUT_RETURN_TYPE = YES_ERROR;
				GCC_WARN_UNDECLARED_SELECTOR = YES;
				GCC_WARN_UNINITIALIZED_AUTOS = YES_AGGRESSIVE;
				GCC_WARN_UNUSED_FUNCTION = YES;
				GCC_WARN_UNUSED_VARIABLE = YES;
				IPHONEOS_DEPLOYMENT_TARGET = 8.0;
				MACOSX_DEPLOYMENT_TARGET = 10.9;
				MTL_ENABLE_DEBUG_INFO = NO;
				PRODUCT_BUNDLE_IDENTIFIER = fr.duquennoy.log4swift;
				PRODUCT_NAME = Log4swift;
				SDKROOT = macosx;
				SWIFT_OBJC_INTERFACE_HEADER_NAME = "log4swift-Swift.h";
				SWIFT_OPTIMIZATION_LEVEL = "-Owholemodule";
				SWIFT_VERSION = 4.0;
				VERSIONING_SYSTEM = "apple-generic";
				VERSION_INFO_PREFIX = "";
			};
			name = Release;
		};
		02664C1F1B2CE96500B695DE /* Debug */ = {
			isa = XCBuildConfiguration;
			buildSettings = {
				ALWAYS_EMBED_SWIFT_STANDARD_LIBRARIES = NO;
				COMBINE_HIDPI_IMAGES = YES;
				DYLIB_COMPATIBILITY_VERSION = 1;
				DYLIB_CURRENT_VERSION = 1;
				DYLIB_INSTALL_NAME_BASE = "@rpath";
				FRAMEWORK_VERSION = A;
				GCC_TREAT_WARNINGS_AS_ERRORS = YES;
				INFOPLIST_FILE = "$(SRCROOT)/Info.plist";
				INSTALL_PATH = "$(LOCAL_LIBRARY_DIR)/Frameworks";
				LD_RUNPATH_SEARCH_PATHS = "$(inherited) @executable_path/../Frameworks @loader_path/Frameworks";
				PRODUCT_MODULE_NAME = "$(PROJECT_NAME:c99extidentifier)";
				SKIP_INSTALL = YES;
			};
			name = Debug;
		};
		02664C201B2CE96500B695DE /* Release */ = {
			isa = XCBuildConfiguration;
			buildSettings = {
				ALWAYS_EMBED_SWIFT_STANDARD_LIBRARIES = NO;
				COMBINE_HIDPI_IMAGES = YES;
				DYLIB_COMPATIBILITY_VERSION = 1;
				DYLIB_CURRENT_VERSION = 1;
				DYLIB_INSTALL_NAME_BASE = "@rpath";
				FRAMEWORK_VERSION = A;
				GCC_OPTIMIZATION_LEVEL = s;
				GCC_TREAT_WARNINGS_AS_ERRORS = YES;
				INFOPLIST_FILE = "$(SRCROOT)/Info.plist";
				INSTALL_PATH = "$(LOCAL_LIBRARY_DIR)/Frameworks";
				LD_RUNPATH_SEARCH_PATHS = "$(inherited) @executable_path/../Frameworks @loader_path/Frameworks";
				PRODUCT_MODULE_NAME = "$(PROJECT_NAME:c99extidentifier)";
				SKIP_INSTALL = YES;
			};
			name = Release;
		};
		02664C221B2CE96500B695DE /* Debug */ = {
			isa = XCBuildConfiguration;
			buildSettings = {
				COMBINE_HIDPI_IMAGES = YES;
				INFOPLIST_FILE = log4swiftTests/Info.plist;
				LD_RUNPATH_SEARCH_PATHS = "$(inherited) @executable_path/../Frameworks @loader_path/../Frameworks";
				PRODUCT_BUNDLE_IDENTIFIER = fr.duquennoy.log4swiftTests;
				PRODUCT_NAME = Log4swiftTests;
			};
			name = Debug;
		};
		02664C231B2CE96500B695DE /* Release */ = {
			isa = XCBuildConfiguration;
			buildSettings = {
				COMBINE_HIDPI_IMAGES = YES;
				INFOPLIST_FILE = log4swiftTests/Info.plist;
				LD_RUNPATH_SEARCH_PATHS = "$(inherited) @executable_path/../Frameworks @loader_path/../Frameworks";
				PRODUCT_BUNDLE_IDENTIFIER = fr.duquennoy.log4swiftTests;
				PRODUCT_NAME = Log4swiftTests;
			};
			name = Release;
		};
		02B61A611B56D1F100C683D8 /* Debug */ = {
			isa = XCBuildConfiguration;
			buildSettings = {
				COMBINE_HIDPI_IMAGES = YES;
				INFOPLIST_FILE = "Log4swiftPerformanceTests/log4swiftPerformanceTests-Info.plist";
				LD_RUNPATH_SEARCH_PATHS = "$(inherited) @executable_path/../Frameworks @loader_path/../Frameworks";
				PRODUCT_BUNDLE_IDENTIFIER = fr.duquennoy.log4swiftTests;
				PRODUCT_NAME = "$(TARGET_NAME)";
			};
			name = Debug;
		};
		02B61A621B56D1F100C683D8 /* Release */ = {
			isa = XCBuildConfiguration;
			buildSettings = {
				COMBINE_HIDPI_IMAGES = YES;
				INFOPLIST_FILE = "Log4swiftPerformanceTests/log4swiftPerformanceTests-Info.plist";
				LD_RUNPATH_SEARCH_PATHS = "$(inherited) @executable_path/../Frameworks @loader_path/../Frameworks";
				PRODUCT_BUNDLE_IDENTIFIER = fr.duquennoy.log4swiftTests;
				PRODUCT_NAME = "$(TARGET_NAME)";
			};
			name = Release;
		};
		5E3F86DD1DC25E2F008F296C /* Debug */ = {
			isa = XCBuildConfiguration;
			buildSettings = {
				CLANG_ANALYZER_NONNULL = YES;
				CLANG_WARN_DOCUMENTATION_COMMENTS = YES;
				CLANG_WARN_INFINITE_RECURSION = YES;
				CLANG_WARN_SUSPICIOUS_MOVES = YES;
				CODE_SIGN_IDENTITY = "";
				DEFINES_MODULE = YES;
				DYLIB_COMPATIBILITY_VERSION = 1;
				DYLIB_CURRENT_VERSION = 1;
				DYLIB_INSTALL_NAME_BASE = "@rpath";
				INFOPLIST_FILE = "$(SRCROOT)/Info.plist";
				INSTALL_PATH = "$(LOCAL_LIBRARY_DIR)/Frameworks";
				LD_RUNPATH_SEARCH_PATHS = "$(inherited) @executable_path/Frameworks @loader_path/Frameworks";
				PRODUCT_BUNDLE_IDENTIFIER = fr.duquennoy.log4swift;
				SDKROOT = appletvos;
				SKIP_INSTALL = YES;
				SWIFT_ACTIVE_COMPILATION_CONDITIONS = DEBUG;
				SWIFT_OBJC_BRIDGING_HEADER = "";
				TARGETED_DEVICE_FAMILY = 3;
				TVOS_DEPLOYMENT_TARGET = 9.0;
			};
			name = Debug;
		};
		5E3F86DE1DC25E2F008F296C /* Release */ = {
			isa = XCBuildConfiguration;
			buildSettings = {
				CLANG_ANALYZER_NONNULL = YES;
				CLANG_WARN_DOCUMENTATION_COMMENTS = YES;
				CLANG_WARN_INFINITE_RECURSION = YES;
				CLANG_WARN_SUSPICIOUS_MOVES = YES;
				CODE_SIGN_IDENTITY = "";
				DEFINES_MODULE = YES;
				DYLIB_COMPATIBILITY_VERSION = 1;
				DYLIB_CURRENT_VERSION = 1;
				DYLIB_INSTALL_NAME_BASE = "@rpath";
				INFOPLIST_FILE = "$(SRCROOT)/Info.plist";
				INSTALL_PATH = "$(LOCAL_LIBRARY_DIR)/Frameworks";
				LD_RUNPATH_SEARCH_PATHS = "$(inherited) @executable_path/Frameworks @loader_path/Frameworks";
				PRODUCT_BUNDLE_IDENTIFIER = fr.duquennoy.log4swift;
				SDKROOT = appletvos;
				SKIP_INSTALL = YES;
				SWIFT_OBJC_BRIDGING_HEADER = "";
				TARGETED_DEVICE_FAMILY = 3;
				TVOS_DEPLOYMENT_TARGET = 9.0;
				VALIDATE_PRODUCT = YES;
			};
			name = Release;
		};
		5EF80AA51B7A172500A5F07A /* Debug */ = {
			isa = XCBuildConfiguration;
			buildSettings = {
				CODE_SIGN_IDENTITY = "iPhone Developer";
				"CODE_SIGN_IDENTITY[sdk=iphoneos*]" = "";
				DEBUG_INFORMATION_FORMAT = "dwarf-with-dsym";
				DEFINES_MODULE = YES;
				DEVELOPMENT_TEAM = "";
				DYLIB_COMPATIBILITY_VERSION = 1;
				DYLIB_CURRENT_VERSION = 1;
				DYLIB_INSTALL_NAME_BASE = "@rpath";
				GCC_PREPROCESSOR_DEFINITIONS = (
					"DEBUG=1",
					"$(inherited)",
				);
				GCC_SYMBOLS_PRIVATE_EXTERN = NO;
				INFOPLIST_FILE = "$(SRCROOT)/Info.plist";
				INSTALL_PATH = "$(LOCAL_LIBRARY_DIR)/Frameworks";
				IPHONEOS_DEPLOYMENT_TARGET = 9.0;
				LD_RUNPATH_SEARCH_PATHS = "$(inherited) @executable_path/Frameworks @loader_path/Frameworks";
				MACH_O_TYPE = mh_dylib;
				PRODUCT_NAME = Log4swift;
				PROVISIONING_PROFILE = "";
				SDKROOT = iphoneos;
				SKIP_INSTALL = YES;
				TARGETED_DEVICE_FAMILY = "1,2";
			};
			name = Debug;
		};
		5EF80AA61B7A172500A5F07A /* Release */ = {
			isa = XCBuildConfiguration;
			buildSettings = {
				CODE_SIGN_IDENTITY = "iPhone Developer";
				"CODE_SIGN_IDENTITY[sdk=iphoneos*]" = "";
				DEFINES_MODULE = YES;
				DEVELOPMENT_TEAM = "";
				DYLIB_COMPATIBILITY_VERSION = 1;
				DYLIB_CURRENT_VERSION = 1;
				DYLIB_INSTALL_NAME_BASE = "@rpath";
				INFOPLIST_FILE = "$(SRCROOT)/Info.plist";
				INSTALL_PATH = "$(LOCAL_LIBRARY_DIR)/Frameworks";
				IPHONEOS_DEPLOYMENT_TARGET = 9.0;
				LD_RUNPATH_SEARCH_PATHS = "$(inherited) @executable_path/Frameworks @loader_path/Frameworks";
				MACH_O_TYPE = mh_dylib;
				PRODUCT_NAME = Log4swift;
				PROVISIONING_PROFILE = "";
				SDKROOT = iphoneos;
				SKIP_INSTALL = YES;
				TARGETED_DEVICE_FAMILY = "1,2";
				VALIDATE_PRODUCT = YES;
			};
			name = Release;
		};
/* End XCBuildConfiguration section */

/* Begin XCConfigurationList section */
		02664C041B2CE96500B695DE /* Build configuration list for PBXProject "Log4swift" */ = {
			isa = XCConfigurationList;
			buildConfigurations = (
				02664C1C1B2CE96500B695DE /* Debug */,
				02664C1D1B2CE96500B695DE /* Release */,
			);
			defaultConfigurationIsVisible = 0;
			defaultConfigurationName = Release;
		};
		02664C1E1B2CE96500B695DE /* Build configuration list for PBXNativeTarget "log4swift_OSX" */ = {
			isa = XCConfigurationList;
			buildConfigurations = (
				02664C1F1B2CE96500B695DE /* Debug */,
				02664C201B2CE96500B695DE /* Release */,
			);
			defaultConfigurationIsVisible = 0;
			defaultConfigurationName = Release;
		};
		02664C211B2CE96500B695DE /* Build configuration list for PBXNativeTarget "log4swiftTests" */ = {
			isa = XCConfigurationList;
			buildConfigurations = (
				02664C221B2CE96500B695DE /* Debug */,
				02664C231B2CE96500B695DE /* Release */,
			);
			defaultConfigurationIsVisible = 0;
			defaultConfigurationName = Release;
		};
		02B61A601B56D1F100C683D8 /* Build configuration list for PBXNativeTarget "log4swiftPerformanceTests" */ = {
			isa = XCConfigurationList;
			buildConfigurations = (
				02B61A611B56D1F100C683D8 /* Debug */,
				02B61A621B56D1F100C683D8 /* Release */,
			);
			defaultConfigurationIsVisible = 0;
			defaultConfigurationName = Release;
		};
		5E3F86DF1DC25E2F008F296C /* Build configuration list for PBXNativeTarget "log4swift_tvOS" */ = {
			isa = XCConfigurationList;
			buildConfigurations = (
				5E3F86DD1DC25E2F008F296C /* Debug */,
				5E3F86DE1DC25E2F008F296C /* Release */,
			);
			defaultConfigurationIsVisible = 0;
			defaultConfigurationName = Release;
		};
		5EF80AA41B7A172500A5F07A /* Build configuration list for PBXNativeTarget "log4swift_iOS" */ = {
			isa = XCConfigurationList;
			buildConfigurations = (
				5EF80AA51B7A172500A5F07A /* Debug */,
				5EF80AA61B7A172500A5F07A /* Release */,
			);
			defaultConfigurationIsVisible = 0;
			defaultConfigurationName = Release;
		};
/* End XCConfigurationList section */
	};
	rootObject = 02664C011B2CE96500B695DE /* Project object */;
}
