// !$*UTF8*$!
{
	archiveVersion = 1;
	classes = {
	};
	objectVersion = 46;
	objects = {

/* Begin PBXBuildFile section */
		0283A74F2115DCFC0012BB8D /* Log4swift.framework in Frameworks */ = {isa = PBXBuildFile; fileRef = 0283A74E2115DCFC0012BB8D /* Log4swift.framework */; };
		02C2884C1CA1DA2B00830B1D /* AppDelegate.swift in Sources */ = {isa = PBXBuildFile; fileRef = 02C2884B1CA1DA2B00830B1D /* AppDelegate.swift */; };
		02C2884E1CA1DA2B00830B1D /* Assets.xcassets in Resources */ = {isa = PBXBuildFile; fileRef = 02C2884D1CA1DA2B00830B1D /* Assets.xcassets */; };
		02C288511CA1DA2B00830B1D /* MainMenu.xib in Resources */ = {isa = PBXBuildFile; fileRef = 02C2884F1CA1DA2B00830B1D /* MainMenu.xib */; };
		02C288591CA1DAF000830B1D /* Timer.swift in Sources */ = {isa = PBXBuildFile; fileRef = 02C288581CA1DAF000830B1D /* Timer.swift */; };
/* End PBXBuildFile section */

/* Begin PBXFileReference section */
		0283A74E2115DCFC0012BB8D /* Log4swift.framework */ = {isa = PBXFileReference; lastKnownFileType = wrapper.framework; name = Log4swift.framework; path = Carthage/Build/Mac/Log4swift.framework; sourceTree = "<group>"; };
		02C288481CA1DA2B00830B1D /* Log4swiftTestApp.app */ = {isa = PBXFileReference; explicitFileType = wrapper.application; includeInIndex = 0; path = Log4swiftTestApp.app; sourceTree = BUILT_PRODUCTS_DIR; };
		02C2884B1CA1DA2B00830B1D /* AppDelegate.swift */ = {isa = PBXFileReference; lastKnownFileType = sourcecode.swift; path = AppDelegate.swift; sourceTree = "<group>"; };
		02C2884D1CA1DA2B00830B1D /* Assets.xcassets */ = {isa = PBXFileReference; lastKnownFileType = folder.assetcatalog; path = Assets.xcassets; sourceTree = "<group>"; };
		02C288501CA1DA2B00830B1D /* Base */ = {isa = PBXFileReference; lastKnownFileType = file.xib; name = Base; path = Base.lproj/MainMenu.xib; sourceTree = "<group>"; };
		02C288521CA1DA2B00830B1D /* Info.plist */ = {isa = PBXFileReference; lastKnownFileType = text.plist.xml; path = Info.plist; sourceTree = "<group>"; };
		02C288581CA1DAF000830B1D /* Timer.swift */ = {isa = PBXFileReference; fileEncoding = 4; lastKnownFileType = sourcecode.swift; path = Timer.swift; sourceTree = "<group>"; };
/* End PBXFileReference section */

/* Begin PBXFrameworksBuildPhase section */
		02C288451CA1DA2B00830B1D /* Frameworks */ = {
			isa = PBXFrameworksBuildPhase;
			buildActionMask = 2147483647;
			files = (
				0283A74F2115DCFC0012BB8D /* Log4swift.framework in Frameworks */,
			);
			runOnlyForDeploymentPostprocessing = 0;
		};
/* End PBXFrameworksBuildPhase section */

/* Begin PBXGroup section */
		02C2883F1CA1DA2B00830B1D = {
			isa = PBXGroup;
			children = (
				02C2884A1CA1DA2B00830B1D /* Log4SwiftTestApp */,
				02C288491CA1DA2B00830B1D /* Products */,
				6A72698E86B68BC2C4C5AF02 /* Frameworks */,
			);
			sourceTree = "<group>";
		};
		02C288491CA1DA2B00830B1D /* Products */ = {
			isa = PBXGroup;
			children = (
				02C288481CA1DA2B00830B1D /* Log4swiftTestApp.app */,
			);
			name = Products;
			sourceTree = "<group>";
		};
		02C2884A1CA1DA2B00830B1D /* Log4SwiftTestApp */ = {
			isa = PBXGroup;
			children = (
				02C2884B1CA1DA2B00830B1D /* AppDelegate.swift */,
				02C2884D1CA1DA2B00830B1D /* Assets.xcassets */,
				02C2884F1CA1DA2B00830B1D /* MainMenu.xib */,
				02C288521CA1DA2B00830B1D /* Info.plist */,
				02C288581CA1DAF000830B1D /* Timer.swift */,
			);
			name = Log4SwiftTestApp;
			path = Log4swiftTestApp;
			sourceTree = "<group>";
		};
		6A72698E86B68BC2C4C5AF02 /* Frameworks */ = {
			isa = PBXGroup;
			children = (
				0283A74E2115DCFC0012BB8D /* Log4swift.framework */,
			);
			name = Frameworks;
			sourceTree = "<group>";
		};
/* End PBXGroup section */

/* Begin PBXNativeTarget section */
		02C288471CA1DA2B00830B1D /* Log4swiftTestApp */ = {
			isa = PBXNativeTarget;
			buildConfigurationList = 02C288551CA1DA2B00830B1D /* Build configuration list for PBXNativeTarget "Log4swiftTestApp" */;
			buildPhases = (
				02C288441CA1DA2B00830B1D /* Sources */,
				02C288451CA1DA2B00830B1D /* Frameworks */,
				02C288461CA1DA2B00830B1D /* Resources */,
			);
			buildRules = (
			);
			dependencies = (
			);
			name = Log4swiftTestApp;
			productName = Log4SwiftTestApp;
			productReference = 02C288481CA1DA2B00830B1D /* Log4swiftTestApp.app */;
			productType = "com.apple.product-type.application";
		};
/* End PBXNativeTarget section */

/* Begin PBXProject section */
		02C288401CA1DA2B00830B1D /* Project object */ = {
			isa = PBXProject;
			attributes = {
				LastSwiftUpdateCheck = 0730;
				LastUpgradeCheck = 0730;
				ORGANIZATIONNAME = duquennoy;
				TargetAttributes = {
					02C288471CA1DA2B00830B1D = {
						CreatedOnToolsVersion = 7.3;
					};
				};
			};
			buildConfigurationList = 02C288431CA1DA2B00830B1D /* Build configuration list for PBXProject "Log4swiftTestApp" */;
			compatibilityVersion = "Xcode 3.2";
			developmentRegion = English;
			hasScannedForEncodings = 0;
			knownRegions = (
				en,
				Base,
			);
			mainGroup = 02C2883F1CA1DA2B00830B1D;
			productRefGroup = 02C288491CA1DA2B00830B1D /* Products */;
			projectDirPath = "";
			projectRoot = "";
			targets = (
				02C288471CA1DA2B00830B1D /* Log4swiftTestApp */,
			);
		};
/* End PBXProject section */

/* Begin PBXResourcesBuildPhase section */
		02C288461CA1DA2B00830B1D /* Resources */ = {
			isa = PBXResourcesBuildPhase;
			buildActionMask = 2147483647;
			files = (
				02C2884E1CA1DA2B00830B1D /* Assets.xcassets in Resources */,
				02C288511CA1DA2B00830B1D /* MainMenu.xib in Resources */,
			);
			runOnlyForDeploymentPostprocessing = 0;
		};
/* End PBXResourcesBuildPhase section */

/* Begin PBXSourcesBuildPhase section */
		02C288441CA1DA2B00830B1D /* Sources */ = {
			isa = PBXSourcesBuildPhase;
			buildActionMask = 2147483647;
			files = (
				02C2884C1CA1DA2B00830B1D /* AppDelegate.swift in Sources */,
				02C288591CA1DAF000830B1D /* Timer.swift in Sources */,
			);
			runOnlyForDeploymentPostprocessing = 0;
		};
/* End PBXSourcesBuildPhase section */

/* Begin PBXVariantGroup section */
		02C2884F1CA1DA2B00830B1D /* MainMenu.xib */ = {
			isa = PBXVariantGroup;
			children = (
				02C288501CA1DA2B00830B1D /* Base */,
			);
			name = MainMenu.xib;
			sourceTree = "<group>";
		};
/* End PBXVariantGroup section */

/* Begin XCBuildConfiguration section */
		02C288531CA1DA2B00830B1D /* Debug */ = {
			isa = XCBuildConfiguration;
			buildSettings = {
				ALWAYS_SEARCH_USER_PATHS = NO;
				CLANG_ANALYZER_NONNULL = YES;
				CLANG_CXX_LANGUAGE_STANDARD = "gnu++0x";
				CLANG_CXX_LIBRARY = "libc++";
				CLANG_ENABLE_MODULES = YES;
				CLANG_ENABLE_OBJC_ARC = YES;
				CLANG_WARN_BOOL_CONVERSION = YES;
				CLANG_WARN_CONSTANT_CONVERSION = YES;
				CLANG_WARN_DIRECT_OBJC_ISA_USAGE = YES_ERROR;
				CLANG_WARN_EMPTY_BODY = YES;
				CLANG_WARN_ENUM_CONVERSION = YES;
				CLANG_WARN_INT_CONVERSION = YES;
				CLANG_WARN_OBJC_ROOT_CLASS = YES_ERROR;
				CLANG_WARN_UNREACHABLE_CODE = YES;
				CLANG_WARN__DUPLICATE_METHOD_MATCH = YES;
				CODE_SIGN_IDENTITY = "-";
				COPY_PHASE_STRIP = NO;
				DEBUG_INFORMATION_FORMAT = dwarf;
				ENABLE_STRICT_OBJC_MSGSEND = YES;
				ENABLE_TESTABILITY = YES;
				GCC_C_LANGUAGE_STANDARD = gnu99;
				GCC_DYNAMIC_NO_PIC = NO;
				GCC_NO_COMMON_BLOCKS = YES;
				GCC_OPTIMIZATION_LEVEL = 0;
				GCC_PREPROCESSOR_DEFINITIONS = (
					"DEBUG=1",
					"$(inherited)",
				);
				GCC_WARN_64_TO_32_BIT_CONVERSION = YES;
				GCC_WARN_ABOUT_RETURN_TYPE = YES_ERROR;
				GCC_WARN_UNDECLARED_SELECTOR = YES;
				GCC_WARN_UNINITIALIZED_AUTOS = YES_AGGRESSIVE;
				GCC_WARN_UNUSED_FUNCTION = YES;
				GCC_WARN_UNUSED_VARIABLE = YES;
				MACOSX_DEPLOYMENT_TARGET = 10.11;
				MTL_ENABLE_DEBUG_INFO = YES;
				ONLY_ACTIVE_ARCH = YES;
				SDKROOT = macosx;
				SWIFT_OPTIMIZATION_LEVEL = "-Onone";
				SWIFT_VERSION = 4.0;
			};
			name = Debug;
		};
		02C288541CA1DA2B00830B1D /* Release */ = {
			isa = XCBuildConfiguration;
			buildSettings = {
				ALWAYS_SEARCH_USER_PATHS = NO;
				CLANG_ANALYZER_NONNULL = YES;
				CLANG_CXX_LANGUAGE_STANDARD = "gnu++0x";
				CLANG_CXX_LIBRARY = "libc++";
				CLANG_ENABLE_MODULES = YES;
				CLANG_ENABLE_OBJC_ARC = YES;
				CLANG_WARN_BOOL_CONVERSION = YES;
				CLANG_WARN_CONSTANT_CONVERSION = YES;
				CLANG_WARN_DIRECT_OBJC_ISA_USAGE = YES_ERROR;
				CLANG_WARN_EMPTY_BODY = YES;
				CLANG_WARN_ENUM_CONVERSION = YES;
				CLANG_WARN_INT_CONVERSION = YES;
				CLANG_WARN_OBJC_ROOT_CLASS = YES_ERROR;
				CLANG_WARN_UNREACHABLE_CODE = YES;
				CLANG_WARN__DUPLICATE_METHOD_MATCH = YES;
				CODE_SIGN_IDENTITY = "-";
				COPY_PHASE_STRIP = NO;
				DEBUG_INFORMATION_FORMAT = "dwarf-with-dsym";
				ENABLE_NS_ASSERTIONS = NO;
				ENABLE_STRICT_OBJC_MSGSEND = YES;
				GCC_C_LANGUAGE_STANDARD = gnu99;
				GCC_NO_COMMON_BLOCKS = YES;
				GCC_WARN_64_TO_32_BIT_CONVERSION = YES;
				GCC_WARN_ABOUT_RETURN_TYPE = YES_ERROR;
				GCC_WARN_UNDECLARED_SELECTOR = YES;
				GCC_WARN_UNINITIALIZED_AUTOS = YES_AGGRESSIVE;
				GCC_WARN_UNUSED_FUNCTION = YES;
				GCC_WARN_UNUSED_VARIABLE = YES;
				MACOSX_DEPLOYMENT_TARGET = 10.11;
				MTL_ENABLE_DEBUG_INFO = NO;
				SDKROOT = macosx;
				SWIFT_VERSION = 4.0;
			};
			name = Release;
		};
		02C288561CA1DA2B00830B1D /* Debug */ = {
			isa = XCBuildConfiguration;
			buildSettings = {
				ASSETCATALOG_COMPILER_APPICON_NAME = AppIcon;
				COMBINE_HIDPI_IMAGES = YES;
				FRAMEWORK_SEARCH_PATHS = (
					"$(inherited)",
					"$(PROJECT_DIR)/Carthage/Build/Mac",
				);
				INFOPLIST_FILE = Log4SwiftTestApp/Info.plist;
				LD_RUNPATH_SEARCH_PATHS = "$(inherited) @executable_path/../Frameworks";
				PRODUCT_BUNDLE_IDENTIFIER = fr.duquennoy.Log4SwiftTestApp;
				PRODUCT_NAME = "$(TARGET_NAME)";
			};
			name = Debug;
		};
		02C288571CA1DA2B00830B1D /* Release */ = {
			isa = XCBuildConfiguration;
			buildSettings = {
				ASSETCATALOG_COMPILER_APPICON_NAME = AppIcon;
				COMBINE_HIDPI_IMAGES = YES;
				FRAMEWORK_SEARCH_PATHS = (
					"$(inherited)",
					"$(PROJECT_DIR)/Carthage/Build/Mac",
				);
				INFOPLIST_FILE = Log4SwiftTestApp/Info.plist;
				LD_RUNPATH_SEARCH_PATHS = "$(inherited) @executable_path/../Frameworks";
				PRODUCT_BUNDLE_IDENTIFIER = fr.duquennoy.Log4SwiftTestApp;
				PRODUCT_NAME = "$(TARGET_NAME)";
			};
			name = Release;
		};
/* End XCBuildConfiguration section */

/* Begin XCConfigurationList section */
		02C288431CA1DA2B00830B1D /* Build configuration list for PBXProject "Log4swiftTestApp" */ = {
			isa = XCConfigurationList;
			buildConfigurations = (
				02C288531CA1DA2B00830B1D /* Debug */,
				02C288541CA1DA2B00830B1D /* Release */,
			);
			defaultConfigurationIsVisible = 0;
			defaultConfigurationName = Release;
		};
		02C288551CA1DA2B00830B1D /* Build configuration list for PBXNativeTarget "Log4swiftTestApp" */ = {
			isa = XCConfigurationList;
			buildConfigurations = (
				02C288561CA1DA2B00830B1D /* Debug */,
				02C288571CA1DA2B00830B1D /* Release */,
			);
			defaultConfigurationIsVisible = 0;
			defaultConfigurationName = Release;
		};
/* End XCConfigurationList section */
	};
	rootObject = 02C288401CA1DA2B00830B1D /* Project object */;
}
